
Microsoft Visual Studio Solution File, Format Version 12.00
# Visual Studio Version 17
VisualStudioVersion = 17.1.32407.343
MinimumVisualStudioVersion = 10.0.40219.1
Project("{FAE04EC0-301F-11D3-BF4B-00C04F79EFBC}") = "ShellcodeRunner", "CSharp\ShellcodeRunner\ShellcodeRunner.csproj", "{F0FE5B10-458A-4FB5-8440-F8F9EFBD95BD}"
EndProject
Project("{FAE04EC0-301F-11D3-BF4B-00C04F79EFBC}") = "DLL_Shellcode_Runner", "CSharp\DLL_Shellcode_Runner\DLL_Shellcode_Runner.csproj", "{12BD1C11-9BC6-48ED-810C-1CB87CAA79AA}"
EndProject
Project("{FAE04EC0-301F-11D3-BF4B-00C04F79EFBC}") = "Process_Injection", "CSharp\Process_Injection\Process_Injection.csproj", "{7A832EAA-5969-4749-BF96-2AA4C40D1183}"
EndProject
Project("{FAE04EC0-301F-11D3-BF4B-00C04F79EFBC}") = "DLL_Inject", "CSharp\DLL_Inject\DLL_Inject.csproj", "{7799E50C-81DA-4B72-87F6-FE56E3998ABE}"
EndProject
Project("{FAE04EC0-301F-11D3-BF4B-00C04F79EFBC}") = "PS_Reflective_DLL_Inject", "CSharp\PS_Reflective_DLL_Inject\PS_Reflective_DLL_Inject.csproj", "{2AFD92E8-1410-4C6D-9E33-1B80DAD8CBE8}"
EndProject
Project("{FAE04EC0-301F-11D3-BF4B-00C04F79EFBC}") = "Hollow", "CSharp\Hollow\Hollow.csproj", "{93A21197-D776-4323-A095-65849134C842}"
EndProject
Project("{FAE04EC0-301F-11D3-BF4B-00C04F79EFBC}") = "ShellcodeBuilder_Caesar", "CSharp\ShellcodeBuilder_Caesar\ShellcodeBuilder_Caesar.csproj", "{50B568D7-3CDA-4586-8BC8-8F4047C726E5}"
EndProject
Project("{FAE04EC0-301F-11D3-BF4B-00C04F79EFBC}") = "ShellcodeRunner_Caesar", "CSharp\ShellcodeRunner_Caesar\ShellcodeRunner_Caesar.csproj", "{B039D6F1-D826-4C78-87A6-225CB91CBC4B}"
EndProject
Project("{FAE04EC0-301F-11D3-BF4B-00C04F79EFBC}") = "ShellcodeRunner_ExNuma", "CSharp\ShellcodeRunner_ExNuma\ShellcodeRunner_ExNuma.csproj", "{501BA458-D1C3-4F47-8D00-7F5BBAEA3A28}"
EndProject
Project("{FAE04EC0-301F-11D3-BF4B-00C04F79EFBC}") = "ShellcodeRunner_Caesar_ExNuma", "CSharp\ShellcodeRunner_Caesar_ExNuma\ShellcodeRunner_Caesar_ExNuma.csproj", "{1D459C1A-CE23-456C-BC05-BCB698DF38DB}"
EndProject
Project("{FAE04EC0-301F-11D3-BF4B-00C04F79EFBC}") = "ShellcodeBuilder_VBA_Caesar", "CSharp\ShellcodeBuilder_VBA_Caesar\ShellcodeBuilder_VBA_Caesar.csproj", "{00D1AD9C-F443-4FF1-B2BF-ACB805F39F7F}"
EndProject
Project("{2150E333-8FDC-42A3-9474-1A3956D46DE8}") = "Scripts", "Scripts", "{B83D55E4-5D39-4D07-BBDB-24C9831A2ED8}"
	ProjectSection(SolutionItems) = preProject
		..\..\Desktop\vba_macro_inmeminj_timer.vba = ..\..\Desktop\vba_macro_inmeminj_timer.vba
		vba_shellcode_runner.vba = vba_shellcode_runner.vba
		wmi-macro.txt = wmi-macro.txt
	EndProjectSection
EndProject
Project("{FAE04EC0-301F-11D3-BF4B-00C04F79EFBC}") = "DLL_Shellcode_Runner_Caesar", "CSharp\DLL_Shellcode_Runner_Caesar\DLL_Shellcode_Runner_Caesar.csproj", "{6CF52967-B154-4592-9370-BFEFD78CBDF8}"
EndProject
Project("{FAE04EC0-301F-11D3-BF4B-00C04F79EFBC}") = "DLL_Shellcode_Runner_Caesar_ExNuma", "CSharp\DLL_Shellcode_Runner_Caesar_ExNuma\DLL_Shellcode_Runner_Caesar_ExNuma.csproj", "{33DDE983-B924-4BB1-8C54-82D57FE06BF9}"
EndProject
Project("{2150E333-8FDC-42A3-9474-1A3956D46DE8}") = "LsassDump", "LsassDump", "{A77FAD47-AB42-4CA9-83BE-46064BD94CD2}"
EndProject
Project("{FAE04EC0-301F-11D3-BF4B-00C04F79EFBC}") = "wintarmak", "ProcDump\ProcDump\wintarmak.csproj", "{538504F6-5F8E-4DE7-B5C8-DEBD8E285FB1}"
EndProject
Project("{2150E333-8FDC-42A3-9474-1A3956D46DE8}") = "PSH_CLM_Bypass", "PSH_CLM_Bypass", "{281F79AF-B0E7-4A2A-BEA2-E167CAB1300D}"
EndProject
Project("{FAE04EC0-301F-11D3-BF4B-00C04F79EFBC}") = "PSLangBypass_InstallUtil_Bypass", "Powershell_CLM_Bypass\PSLangBypass\PSLangBypass_InstallUtil_Bypass\PSLangBypass_InstallUtil_Bypass.csproj", "{9256A08B-3FE0-4746-B6EE-050183C4EAFE}"
EndProject
Project("{FAE04EC0-301F-11D3-BF4B-00C04F79EFBC}") = "Powershell_CLM_Bypass_InstallUtil", "Powershell_CLM_Bypass_InstallUtil\Powershell_CLM_Bypass_InstallUtil.csproj", "{2357FF3B-8147-4B9A-9E33-A4C0E2CDEBDA}"
EndProject
Project("{FAE04EC0-301F-11D3-BF4B-00C04F79EFBC}") = "Hollow_Caesar_ExNuma", "CSharp\Hollow_Caesar_ExNuma\Hollow_Caesar_ExNuma.csproj", "{420C34E6-89FA-43E0-B3C2-8D0C9105D7F2}"
EndProject
Project("{FAE04EC0-301F-11D3-BF4B-00C04F79EFBC}") = "PS_Inject", "CSharp\PS_Inject\PS_Inject.csproj", "{BC6188B5-A382-4DDB-B0C9-4854905D7C7F}"
EndProject
Project("{FAE04EC0-301F-11D3-BF4B-00C04F79EFBC}") = "HeapAlloc_scRunner", "CSharp\HeapAlloc_scRunner\HeapAlloc_scRunner.csproj", "{59B82577-FE4E-4EFF-B54F-6F202D84A8C0}"
EndProject
Project("{FAE04EC0-301F-11D3-BF4B-00C04F79EFBC}") = "NT_ProcessInjection", "CSharp\NT_ProcessInjection\NT_ProcessInjection.csproj", "{F24791AA-7E1B-4BF8-A924-21889FD3A61B}"
EndProject
Project("{FAE04EC0-301F-11D3-BF4B-00C04F79EFBC}") = "NT_ShellcodeRunner", "CSharp\NT_ShellcodeRunner\NT_ShellcodeRunner.csproj", "{59AD52EA-9C04-4F3E-9128-1AF62E82EAD9}"
EndProject
Project("{FAE04EC0-301F-11D3-BF4B-00C04F79EFBC}") = "AES_SCRunner", "CSharp\AES_SCRunner\AES_SCRunner.csproj", "{6620CFC8-3037-427A-96DB-FC220D2DC1E9}"
EndProject
Project("{FAE04EC0-301F-11D3-BF4B-00C04F79EFBC}") = "AES_SC_Encrypter", "CSharp\AES_SC_Encrypter\AES_SC_Encrypter.csproj", "{1192E99A-56C6-47E9-AD23-2A575CB21C7C}"
EndProject
Project("{FAE04EC0-301F-11D3-BF4B-00C04F79EFBC}") = "SC_UUID_Runner", "CSharp\SC_UUID_Runner\SC_UUID_Runner.csproj", "{110C5CB7-D375-4C12-9852-C2786DE1DBCA}"
EndProject
Project("{FAE04EC0-301F-11D3-BF4B-00C04F79EFBC}") = "EnumSystemCodePagesA_SC_Runner", "CSharp\EnumSystemCodePagesA_SC_Runner\EnumSystemCodePagesA_SC_Runner.csproj", "{67ED8F5F-62BC-4FA3-B6D1-00B5A29C9DA3}"
EndProject
Project("{8BC9CEB8-8B4A-11D0-8D11-00A0C91BC942}") = "Shellcode_Launcher", "C++\Shellcode_Launcher\Shellcode_Launcher.vcxproj", "{FE4387B7-31CA-4BA5-B06A-1E3EA96DB3DF}"
EndProject
Project("{8BC9CEB8-8B4A-11D0-8D11-00A0C91BC942}") = "Process_Ninjection", "C++\Process_Ninjection\Process_Ninjection.vcxproj", "{1F6CCF61-8177-4E19-B5E4-1B1BF5EEDD86}"
EndProject
Project("{8BC9CEB8-8B4A-11D0-8D11-00A0C91BC942}") = "HeapAlloc_ShellCRunner", "C++\HeapAlloc_ShellCRunner\HeapAlloc_ShellCRunner.vcxproj", "{D2582DB2-6111-47EC-A6C5-1DEF3F35E19A}"
EndProject
Project("{8BC9CEB8-8B4A-11D0-8D11-00A0C91BC942}") = "AES_Process_Injection", "C++\AES_Process_Injection\AES_Process_Injection.vcxproj", "{928E5184-E97B-4893-9D1D-AD889D1A8E03}"
EndProject
Project("{8BC9CEB8-8B4A-11D0-8D11-00A0C91BC942}") = "GA_Runner", "C++\GA_Runner\GA_Runner.vcxproj", "{9E456A45-3315-40B6-8CB2-DE676FC41367}"
EndProject
Project("{2150E333-8FDC-42A3-9474-1A3956D46DE8}") = "C++", "C++", "{993B7F5E-0994-4CEF-A9E7-D1A18B81FDC2}"
EndProject
Project("{2150E333-8FDC-42A3-9474-1A3956D46DE8}") = "CSharp", "CSharp", "{80767D7F-030F-4770-B73B-3CAAB63818C4}"
EndProject
Project("{2150E333-8FDC-42A3-9474-1A3956D46DE8}") = "PowerShell", "PowerShell", "{7EF11027-509E-4601-ABCE-02D12B77CD0E}"
	ProjectSection(SolutionItems) = preProject
		PowerShell\amsi-bypass.ps1 = PowerShell\amsi-bypass.ps1
		PowerShell\ps_tochar_encrypt_string.ps1 = PowerShell\ps_tochar_encrypt_string.ps1
		PowerShell\reflection.ps1 = PowerShell\reflection.ps1
	EndProjectSection
EndProject
Project("{8BC9CEB8-8B4A-11D0-8D11-00A0C91BC942}") = "minidump", "C++\minidump\minidump.vcxproj", "{C8FDB2B8-8A25-4D24-B419-6608EAE8D34A}"
EndProject
Project("{8BC9CEB8-8B4A-11D0-8D11-00A0C91BC942}") = "Thread_Context", "C++\Thread_Context\Thread_Context.vcxproj", "{5072C827-74DD-47D2-8881-B4DC736F2064}"
EndProject
Project("{8BC9CEB8-8B4A-11D0-8D11-00A0C91BC942}") = "APC_Injection", "C++\APC_Injection\APC_Injection.vcxproj", "{8542304C-3B7C-4AE6-841C-7C8FF24FC4CA}"
EndProject
Project("{8BC9CEB8-8B4A-11D0-8D11-00A0C91BC942}") = "MapViewSection_Injection", "C++\MapViewSection_Injection\MapViewSection_Injection.vcxproj", "{5981A0F7-D86D-4EF4-83C0-CD4493ECECFE}"
EndProject
Project("{8BC9CEB8-8B4A-11D0-8D11-00A0C91BC942}") = "EarlyBird", "C++\EarlyBird\EarlyBird.vcxproj", "{59FCEDE2-D849-4177-943F-76A36C7F0518}"
EndProject
Project("{2150E333-8FDC-42A3-9474-1A3956D46DE8}") = "Python", "Python", "{C78542EA-E4E3-4F53-845B-4752C421A1D0}"
	ProjectSection(SolutionItems) = preProject
		C++\aes_encrypt_py2.py = C++\aes_encrypt_py2.py
		C++\aes_encrypt_py3.py = C++\aes_encrypt_py3.py
		C++\bin2uuid.py = C++\bin2uuid.py
	EndProjectSection
EndProject
Project("{2150E333-8FDC-42A3-9474-1A3956D46DE8}") = "Reflective_DLLs", "Reflective_DLLs", "{EF8D8217-F296-4A06-A1A3-9B9BC46A8027}"
EndProject
Project("{8BC9CEB8-8B4A-11D0-8D11-00A0C91BC942}") = "ReflectiveLoader", "C++\Reflective_DLLs\ReflectiveLoader\ReflectiveLoader.vcxproj", "{485D2C53-42F0-4CE1-81C8-C2F1715F12E4}"
EndProject
Project("{8BC9CEB8-8B4A-11D0-8D11-00A0C91BC942}") = "ReflectiveLoader_DLL", "C++\Reflective_DLLs\ReflectiveLoader_DLL\ReflectiveLoader_DLL.vcxproj", "{5CADA47F-F11A-4118-8FD7-B8FB5A9379AB}"
EndProject
Project("{2150E333-8FDC-42A3-9474-1A3956D46DE8}") = "VisualBasic", "VisualBasic", "{3C5629CF-4FEB-44CF-90C3-CF2679C012C0}"
	ProjectSection(SolutionItems) = preProject
		VisualBasic\heapalloc-macro.vb = VisualBasic\heapalloc-macro.vb
		VisualBasic\process_injection_macro.vb = VisualBasic\process_injection_macro.vb
		VisualBasic\vba_macro_inmeminj_timer.vb = VisualBasic\vba_macro_inmeminj_timer.vb
		VisualBasic\vba_shellcode_runner.vb = VisualBasic\vba_shellcode_runner.vb
		VisualBasic\wmi-macro.txt = VisualBasic\wmi-macro.txt
	EndProjectSection
EndProject
Project("{8BC9CEB8-8B4A-11D0-8D11-00A0C91BC942}") = "Heaven's_Gate", "C++\Heaven's_Gate\Heaven's_Gate.vcxproj", "{A85AEA45-8265-4427-8C70-A3A04554F6B5}"
EndProject
Project("{8BC9CEB8-8B4A-11D0-8D11-00A0C91BC942}") = "HookExe", "C++\API_Hooking\Detours\HookExe\HookExe.vcxproj", "{027209FC-6CA7-4E89-B166-EF3F2AF5783F}"
EndProject
Project("{2150E333-8FDC-42A3-9474-1A3956D46DE8}") = "Hooking", "Hooking", "{8F4A952D-D031-4BF7-8673-A6B691A99FB2}"
EndProject
Project("{8BC9CEB8-8B4A-11D0-8D11-00A0C91BC942}") = "ToHook", "C++\API_Hooking\Detours\ToHook\ToHook.vcxproj", "{ACE4A0E9-ACD9-4FEC-8F1E-E289FD429201}"
EndProject
Project("{8BC9CEB8-8B4A-11D0-8D11-00A0C91BC942}") = "Caesar_Encrypter", "C++\Caesar_Encrypter\Caesar_Encrypter.vcxproj", "{936873FC-184B-4C39-941D-7EE98F4859CB}"
EndProject
Project("{8BC9CEB8-8B4A-11D0-8D11-00A0C91BC942}") = "FunctionCast", "C++\FunctionCast\FunctionCast.vcxproj", "{95B37E2F-6894-4A1A-AA31-449F23B85CF8}"
EndProject
Project("{2150E333-8FDC-42A3-9474-1A3956D46DE8}") = "DInvoke", "DInvoke", "{BC89FED0-AC64-421C-A19A-C2F8E7EFAF56}"
EndProject
Project("{8BC9CEB8-8B4A-11D0-8D11-00A0C91BC942}") = "SC_CreateFiber", "C++\SC_CreateFiber\SC_CreateFiber.vcxproj", "{F7BEB9B0-EC1D-4846-8A29-D3938177108E}"
EndProject
Project("{FAE04EC0-301F-11D3-BF4B-00C04F79EFBC}") = "Shell_Service", "CSharp\Shell_Service\Shell_Service.csproj", "{664BC9DD-0603-4AF6-87B8-ED1025E97A11}"
EndProject
Project("{FAE04EC0-301F-11D3-BF4B-00C04F79EFBC}") = "DInvoke_EarlyBird", "CSharp\DInvoke\DInvoke_EarlyBird\DInvoke_EarlyBird.csproj", "{65DD3952-3835-42D3-A6DE-91D811E64F57}"
EndProject
Project("{FAE04EC0-301F-11D3-BF4B-00C04F79EFBC}") = "DInvoke_ProcessHollowing", "CSharp\DInvoke\DInvoke_ProcessHollowing\DInvoke_ProcessHollowing.csproj", "{3A5B1FC9-2ED3-49C2-9EC0-9CA3A870F2D2}"
EndProject
Project("{FAE04EC0-301F-11D3-BF4B-00C04F79EFBC}") = "DInvoke_ProcessInjection", "CSharp\DInvoke\DInvoke_ProcessInjection\DInvoke_ProcessInjection.csproj", "{59E7BC8E-7AC5-4393-AE49-4A4AF40ED1A5}"
EndProject
Project("{FAE04EC0-301F-11D3-BF4B-00C04F79EFBC}") = "DInvoke_VirtualAlloc", "CSharp\DInvoke\DInvoke_VirtualAlloc\DInvoke_VirtualAlloc.csproj", "{D6B0330C-55EF-4EE1-B698-2A5177947E9B}"
EndProject
Project("{8BC9CEB8-8B4A-11D0-8D11-00A0C91BC942}") = "CreateThreadPool", "C++\CreateThreadPool\CreateThreadPool.vcxproj", "{D58E2742-7EF6-4C79-AFB8-81DF05967DB7}"
EndProject
Project("{8BC9CEB8-8B4A-11D0-8D11-00A0C91BC942}") = "Inline-VirtualAlloc", "C++\API_Hooking\Inline-VirtualAlloc\Inline-VirtualAlloc.vcxproj", "{BE9E6A2D-B2A8-4BE9-8DE3-D2F34A4A3840}"
EndProject
Project("{8BC9CEB8-8B4A-11D0-8D11-00A0C91BC942}") = "VirtualAlloc2", "C++\VirtualAlloc2\VirtualAlloc2.vcxproj", "{87E21673-C715-4FBE-9597-A9B67FABB7C1}"
EndProject
Project("{8BC9CEB8-8B4A-11D0-8D11-00A0C91BC942}") = "IAT_Hooking", "C++\API_Hooking\IAT_Hooking\IAT_Hooking.vcxproj", "{3C114572-974A-4A27-8B4C-7320BB8DA602}"
EndProject
Project("{8BC9CEB8-8B4A-11D0-8D11-00A0C91BC942}") = "Inline-Minidump", "C++\API_Hooking\Inline-Minidump\Inline-Minidump.vcxproj", "{E35CC39B-E56B-434D-A02B-C2189BECAD79}"
EndProject
Project("{8BC9CEB8-8B4A-11D0-8D11-00A0C91BC942}") = "UnHook-Ntdll-Exec", "C++\API_Hooking\UnHook-Ntdll-Exec\UnHook-Ntdll-Exec.vcxproj", "{7FACE3E8-E4DB-4704-BFBF-C9B99A99EC34}"
EndProject
Project("{8BC9CEB8-8B4A-11D0-8D11-00A0C91BC942}") = "NT_Shellcoderunner", "C++\NT_Shellcoderunner\NT_Shellcoderunner.vcxproj", "{001282AA-DA7A-4B21-90FD-0842E8C0A086}"
EndProject
Project("{2150E333-8FDC-42A3-9474-1A3956D46DE8}") = "Detour", "Detour", "{F5CEE88D-CFA6-41CF-BB2B-B94CDFE41A95}"
EndProject
Project("{8BC9CEB8-8B4A-11D0-8D11-00A0C91BC942}") = "HellsGate", "C++\HellsGate\HellsGate\HellsGate.vcxproj", "{DC6187CB-D5DF-4973-84A2-F92AAE90CDA9}"
EndProject
Project("{8BC9CEB8-8B4A-11D0-8D11-00A0C91BC942}") = "HalosGate", "C++\HalosGate\HalosGate.vcxproj", "{8FAB989B-016E-46AF-9E99-11DA56299DC0}"
EndProject
Project("{8BC9CEB8-8B4A-11D0-8D11-00A0C91BC942}") = "PPID-Spoofing", "C++\PPID-Spoofing\PPID-Spoofing.vcxproj", "{B73881D0-03AC-42CC-8942-739492F7D75A}"
EndProject
Project("{2150E333-8FDC-42A3-9474-1A3956D46DE8}") = "ETW", "ETW", "{7E090D8B-AB18-4D61-A5F4-9905FE81E5FE}"
EndProject
Project("{8BC9CEB8-8B4A-11D0-8D11-00A0C91BC942}") = "ETW-Silencer", "C++\ETW\ETW-Silencer\ETW-Silencer.vcxproj", "{F5EBF8FA-891D-42CF-A302-8D1726B78B74}"
EndProject
Project("{FAE04EC0-301F-11D3-BF4B-00C04F79EFBC}") = "ETW-Silencer-CSharp", "CSharp\ETW\ETW-Silencer-CSharp\ETW-Silencer-CSharp.csproj", "{DDF10DE7-45B3-44B9-BCAB-ADEE268A539E}"
EndProject
Project("{8BC9CEB8-8B4A-11D0-8D11-00A0C91BC942}") = "SysWhispers", "C++\SysWhispers\SysWhispers.vcxproj", "{8CD499D4-6131-4448-A644-A7D046CBD4C0}"
EndProject
Project("{8BC9CEB8-8B4A-11D0-8D11-00A0C91BC942}") = "SCMDelivery", "C++\SCMDelivery\SCMDelivery.vcxproj", "{A2895A55-0D53-4C1D-AB2A-7F300EFA8637}"
EndProject
Project("{8BC9CEB8-8B4A-11D0-8D11-00A0C91BC942}") = "SystemFunction032_RC4", "C++\SystemFunction032_RC4\SystemFunction032_RC4.vcxproj", "{EE41612C-663B-4634-A9BF-23ABE855B625}"
EndProject
Project("{8BC9CEB8-8B4A-11D0-8D11-00A0C91BC942}") = "RC4_SysFunc032_Encrypter", "C++\RC4_SysFunc032_Encrypter\RC4_SysFunc032_Encrypter.vcxproj", "{E2DB99E5-94B3-4886-A612-A1BF64F74C51}"
EndProject
Project("{8BC9CEB8-8B4A-11D0-8D11-00A0C91BC942}") = "Timestomp", "C++\Timestomp\Timestomp.vcxproj", "{497BF610-E7A5-4B6B-BDDF-86F926C0CD7F}"
EndProject
Project("{8BC9CEB8-8B4A-11D0-8D11-00A0C91BC942}") = "AlternateDataStream", "C++\AlternateDataStream\AlternateDataStream.vcxproj", "{6AF0FFF1-E76C-4224-947E-0BAFDAFA0B39}"
EndProject
Project("{8BC9CEB8-8B4A-11D0-8D11-00A0C91BC942}") = "ServiceShell", "C++\ServiceShell\ServiceShell.vcxproj", "{FC0D3931-8D70-4F92-86A2-3428F17F02F1}"
EndProject
Global
	GlobalSection(SolutionConfigurationPlatforms) = preSolution
		Debug|Any CPU = Debug|Any CPU
		Debug|x64 = Debug|x64
		Debug|x86 = Debug|x86
		Release|Any CPU = Release|Any CPU
		Release|x64 = Release|x64
		Release|x86 = Release|x86
	EndGlobalSection
	GlobalSection(ProjectConfigurationPlatforms) = postSolution
		{F0FE5B10-458A-4FB5-8440-F8F9EFBD95BD}.Debug|Any CPU.ActiveCfg = Debug|x64
		{F0FE5B10-458A-4FB5-8440-F8F9EFBD95BD}.Debug|Any CPU.Build.0 = Debug|x64
		{F0FE5B10-458A-4FB5-8440-F8F9EFBD95BD}.Debug|x64.ActiveCfg = Debug|x64
		{F0FE5B10-458A-4FB5-8440-F8F9EFBD95BD}.Debug|x64.Build.0 = Debug|x64
		{F0FE5B10-458A-4FB5-8440-F8F9EFBD95BD}.Debug|x86.ActiveCfg = Debug|Any CPU
		{F0FE5B10-458A-4FB5-8440-F8F9EFBD95BD}.Debug|x86.Build.0 = Debug|Any CPU
		{F0FE5B10-458A-4FB5-8440-F8F9EFBD95BD}.Release|Any CPU.ActiveCfg = Release|Any CPU
		{F0FE5B10-458A-4FB5-8440-F8F9EFBD95BD}.Release|Any CPU.Build.0 = Release|Any CPU
		{F0FE5B10-458A-4FB5-8440-F8F9EFBD95BD}.Release|x64.ActiveCfg = Release|x64
		{F0FE5B10-458A-4FB5-8440-F8F9EFBD95BD}.Release|x64.Build.0 = Release|x64
		{F0FE5B10-458A-4FB5-8440-F8F9EFBD95BD}.Release|x86.ActiveCfg = Release|Any CPU
		{F0FE5B10-458A-4FB5-8440-F8F9EFBD95BD}.Release|x86.Build.0 = Release|Any CPU
		{12BD1C11-9BC6-48ED-810C-1CB87CAA79AA}.Debug|Any CPU.ActiveCfg = Debug|x64
		{12BD1C11-9BC6-48ED-810C-1CB87CAA79AA}.Debug|Any CPU.Build.0 = Debug|x64
		{12BD1C11-9BC6-48ED-810C-1CB87CAA79AA}.Debug|x64.ActiveCfg = Debug|Any CPU
		{12BD1C11-9BC6-48ED-810C-1CB87CAA79AA}.Debug|x64.Build.0 = Debug|Any CPU
		{12BD1C11-9BC6-48ED-810C-1CB87CAA79AA}.Debug|x86.ActiveCfg = Debug|Any CPU
		{12BD1C11-9BC6-48ED-810C-1CB87CAA79AA}.Debug|x86.Build.0 = Debug|Any CPU
		{12BD1C11-9BC6-48ED-810C-1CB87CAA79AA}.Release|Any CPU.ActiveCfg = Release|Any CPU
		{12BD1C11-9BC6-48ED-810C-1CB87CAA79AA}.Release|Any CPU.Build.0 = Release|Any CPU
		{12BD1C11-9BC6-48ED-810C-1CB87CAA79AA}.Release|x64.ActiveCfg = Release|x64
		{12BD1C11-9BC6-48ED-810C-1CB87CAA79AA}.Release|x64.Build.0 = Release|x64
		{12BD1C11-9BC6-48ED-810C-1CB87CAA79AA}.Release|x86.ActiveCfg = Release|Any CPU
		{12BD1C11-9BC6-48ED-810C-1CB87CAA79AA}.Release|x86.Build.0 = Release|Any CPU
		{7A832EAA-5969-4749-BF96-2AA4C40D1183}.Debug|Any CPU.ActiveCfg = Debug|x64
		{7A832EAA-5969-4749-BF96-2AA4C40D1183}.Debug|Any CPU.Build.0 = Debug|x64
		{7A832EAA-5969-4749-BF96-2AA4C40D1183}.Debug|x64.ActiveCfg = Debug|Any CPU
		{7A832EAA-5969-4749-BF96-2AA4C40D1183}.Debug|x64.Build.0 = Debug|Any CPU
		{7A832EAA-5969-4749-BF96-2AA4C40D1183}.Debug|x86.ActiveCfg = Debug|Any CPU
		{7A832EAA-5969-4749-BF96-2AA4C40D1183}.Debug|x86.Build.0 = Debug|Any CPU
		{7A832EAA-5969-4749-BF96-2AA4C40D1183}.Release|Any CPU.ActiveCfg = Release|Any CPU
		{7A832EAA-5969-4749-BF96-2AA4C40D1183}.Release|Any CPU.Build.0 = Release|Any CPU
		{7A832EAA-5969-4749-BF96-2AA4C40D1183}.Release|x64.ActiveCfg = Release|x64
		{7A832EAA-5969-4749-BF96-2AA4C40D1183}.Release|x64.Build.0 = Release|x64
		{7A832EAA-5969-4749-BF96-2AA4C40D1183}.Release|x86.ActiveCfg = Release|Any CPU
		{7A832EAA-5969-4749-BF96-2AA4C40D1183}.Release|x86.Build.0 = Release|Any CPU
		{7799E50C-81DA-4B72-87F6-FE56E3998ABE}.Debug|Any CPU.ActiveCfg = Debug|x64
		{7799E50C-81DA-4B72-87F6-FE56E3998ABE}.Debug|Any CPU.Build.0 = Debug|x64
		{7799E50C-81DA-4B72-87F6-FE56E3998ABE}.Debug|x64.ActiveCfg = Debug|Any CPU
		{7799E50C-81DA-4B72-87F6-FE56E3998ABE}.Debug|x64.Build.0 = Debug|Any CPU
		{7799E50C-81DA-4B72-87F6-FE56E3998ABE}.Debug|x86.ActiveCfg = Debug|Any CPU
		{7799E50C-81DA-4B72-87F6-FE56E3998ABE}.Debug|x86.Build.0 = Debug|Any CPU
		{7799E50C-81DA-4B72-87F6-FE56E3998ABE}.Release|Any CPU.ActiveCfg = Release|Any CPU
		{7799E50C-81DA-4B72-87F6-FE56E3998ABE}.Release|Any CPU.Build.0 = Release|Any CPU
		{7799E50C-81DA-4B72-87F6-FE56E3998ABE}.Release|x64.ActiveCfg = Release|x64
		{7799E50C-81DA-4B72-87F6-FE56E3998ABE}.Release|x64.Build.0 = Release|x64
		{7799E50C-81DA-4B72-87F6-FE56E3998ABE}.Release|x86.ActiveCfg = Release|Any CPU
		{7799E50C-81DA-4B72-87F6-FE56E3998ABE}.Release|x86.Build.0 = Release|Any CPU
		{2AFD92E8-1410-4C6D-9E33-1B80DAD8CBE8}.Debug|Any CPU.ActiveCfg = Debug|x64
		{2AFD92E8-1410-4C6D-9E33-1B80DAD8CBE8}.Debug|Any CPU.Build.0 = Debug|x64
		{2AFD92E8-1410-4C6D-9E33-1B80DAD8CBE8}.Debug|x64.ActiveCfg = Debug|Any CPU
		{2AFD92E8-1410-4C6D-9E33-1B80DAD8CBE8}.Debug|x64.Build.0 = Debug|Any CPU
		{2AFD92E8-1410-4C6D-9E33-1B80DAD8CBE8}.Debug|x86.ActiveCfg = Debug|Any CPU
		{2AFD92E8-1410-4C6D-9E33-1B80DAD8CBE8}.Debug|x86.Build.0 = Debug|Any CPU
		{2AFD92E8-1410-4C6D-9E33-1B80DAD8CBE8}.Release|Any CPU.ActiveCfg = Release|Any CPU
		{2AFD92E8-1410-4C6D-9E33-1B80DAD8CBE8}.Release|Any CPU.Build.0 = Release|Any CPU
		{2AFD92E8-1410-4C6D-9E33-1B80DAD8CBE8}.Release|x64.ActiveCfg = Release|x64
		{2AFD92E8-1410-4C6D-9E33-1B80DAD8CBE8}.Release|x64.Build.0 = Release|x64
		{2AFD92E8-1410-4C6D-9E33-1B80DAD8CBE8}.Release|x86.ActiveCfg = Release|Any CPU
		{2AFD92E8-1410-4C6D-9E33-1B80DAD8CBE8}.Release|x86.Build.0 = Release|Any CPU
		{93A21197-D776-4323-A095-65849134C842}.Debug|Any CPU.ActiveCfg = Debug|x64
		{93A21197-D776-4323-A095-65849134C842}.Debug|Any CPU.Build.0 = Debug|x64
		{93A21197-D776-4323-A095-65849134C842}.Debug|x64.ActiveCfg = Debug|Any CPU
		{93A21197-D776-4323-A095-65849134C842}.Debug|x64.Build.0 = Debug|Any CPU
		{93A21197-D776-4323-A095-65849134C842}.Debug|x86.ActiveCfg = Debug|Any CPU
		{93A21197-D776-4323-A095-65849134C842}.Debug|x86.Build.0 = Debug|Any CPU
		{93A21197-D776-4323-A095-65849134C842}.Release|Any CPU.ActiveCfg = Release|Any CPU
		{93A21197-D776-4323-A095-65849134C842}.Release|Any CPU.Build.0 = Release|Any CPU
		{93A21197-D776-4323-A095-65849134C842}.Release|x64.ActiveCfg = Release|x64
		{93A21197-D776-4323-A095-65849134C842}.Release|x64.Build.0 = Release|x64
		{93A21197-D776-4323-A095-65849134C842}.Release|x86.ActiveCfg = Release|Any CPU
		{93A21197-D776-4323-A095-65849134C842}.Release|x86.Build.0 = Release|Any CPU
		{50B568D7-3CDA-4586-8BC8-8F4047C726E5}.Debug|Any CPU.ActiveCfg = Debug|x64
		{50B568D7-3CDA-4586-8BC8-8F4047C726E5}.Debug|Any CPU.Build.0 = Debug|x64
		{50B568D7-3CDA-4586-8BC8-8F4047C726E5}.Debug|x64.ActiveCfg = Debug|Any CPU
		{50B568D7-3CDA-4586-8BC8-8F4047C726E5}.Debug|x64.Build.0 = Debug|Any CPU
		{50B568D7-3CDA-4586-8BC8-8F4047C726E5}.Debug|x86.ActiveCfg = Debug|Any CPU
		{50B568D7-3CDA-4586-8BC8-8F4047C726E5}.Debug|x86.Build.0 = Debug|Any CPU
		{50B568D7-3CDA-4586-8BC8-8F4047C726E5}.Release|Any CPU.ActiveCfg = Release|Any CPU
		{50B568D7-3CDA-4586-8BC8-8F4047C726E5}.Release|Any CPU.Build.0 = Release|Any CPU
		{50B568D7-3CDA-4586-8BC8-8F4047C726E5}.Release|x64.ActiveCfg = Release|x64
		{50B568D7-3CDA-4586-8BC8-8F4047C726E5}.Release|x64.Build.0 = Release|x64
		{50B568D7-3CDA-4586-8BC8-8F4047C726E5}.Release|x86.ActiveCfg = Release|Any CPU
		{50B568D7-3CDA-4586-8BC8-8F4047C726E5}.Release|x86.Build.0 = Release|Any CPU
		{B039D6F1-D826-4C78-87A6-225CB91CBC4B}.Debug|Any CPU.ActiveCfg = Debug|x64
		{B039D6F1-D826-4C78-87A6-225CB91CBC4B}.Debug|Any CPU.Build.0 = Debug|x64
		{B039D6F1-D826-4C78-87A6-225CB91CBC4B}.Debug|x64.ActiveCfg = Debug|x64
		{B039D6F1-D826-4C78-87A6-225CB91CBC4B}.Debug|x64.Build.0 = Debug|x64
		{B039D6F1-D826-4C78-87A6-225CB91CBC4B}.Debug|x86.ActiveCfg = Debug|Any CPU
		{B039D6F1-D826-4C78-87A6-225CB91CBC4B}.Debug|x86.Build.0 = Debug|Any CPU
		{B039D6F1-D826-4C78-87A6-225CB91CBC4B}.Release|Any CPU.ActiveCfg = Release|Any CPU
		{B039D6F1-D826-4C78-87A6-225CB91CBC4B}.Release|Any CPU.Build.0 = Release|Any CPU
		{B039D6F1-D826-4C78-87A6-225CB91CBC4B}.Release|x64.ActiveCfg = Release|x64
		{B039D6F1-D826-4C78-87A6-225CB91CBC4B}.Release|x64.Build.0 = Release|x64
		{B039D6F1-D826-4C78-87A6-225CB91CBC4B}.Release|x86.ActiveCfg = Release|Any CPU
		{B039D6F1-D826-4C78-87A6-225CB91CBC4B}.Release|x86.Build.0 = Release|Any CPU
		{501BA458-D1C3-4F47-8D00-7F5BBAEA3A28}.Debug|Any CPU.ActiveCfg = Debug|x64
		{501BA458-D1C3-4F47-8D00-7F5BBAEA3A28}.Debug|Any CPU.Build.0 = Debug|x64
		{501BA458-D1C3-4F47-8D00-7F5BBAEA3A28}.Debug|x64.ActiveCfg = Debug|Any CPU
		{501BA458-D1C3-4F47-8D00-7F5BBAEA3A28}.Debug|x64.Build.0 = Debug|Any CPU
		{501BA458-D1C3-4F47-8D00-7F5BBAEA3A28}.Debug|x86.ActiveCfg = Debug|Any CPU
		{501BA458-D1C3-4F47-8D00-7F5BBAEA3A28}.Debug|x86.Build.0 = Debug|Any CPU
		{501BA458-D1C3-4F47-8D00-7F5BBAEA3A28}.Release|Any CPU.ActiveCfg = Release|Any CPU
		{501BA458-D1C3-4F47-8D00-7F5BBAEA3A28}.Release|Any CPU.Build.0 = Release|Any CPU
		{501BA458-D1C3-4F47-8D00-7F5BBAEA3A28}.Release|x64.ActiveCfg = Release|x64
		{501BA458-D1C3-4F47-8D00-7F5BBAEA3A28}.Release|x64.Build.0 = Release|x64
		{501BA458-D1C3-4F47-8D00-7F5BBAEA3A28}.Release|x86.ActiveCfg = Release|Any CPU
		{501BA458-D1C3-4F47-8D00-7F5BBAEA3A28}.Release|x86.Build.0 = Release|Any CPU
		{1D459C1A-CE23-456C-BC05-BCB698DF38DB}.Debug|Any CPU.ActiveCfg = Debug|x64
		{1D459C1A-CE23-456C-BC05-BCB698DF38DB}.Debug|Any CPU.Build.0 = Debug|x64
		{1D459C1A-CE23-456C-BC05-BCB698DF38DB}.Debug|x64.ActiveCfg = Debug|Any CPU
		{1D459C1A-CE23-456C-BC05-BCB698DF38DB}.Debug|x64.Build.0 = Debug|Any CPU
		{1D459C1A-CE23-456C-BC05-BCB698DF38DB}.Debug|x86.ActiveCfg = Debug|Any CPU
		{1D459C1A-CE23-456C-BC05-BCB698DF38DB}.Debug|x86.Build.0 = Debug|Any CPU
		{1D459C1A-CE23-456C-BC05-BCB698DF38DB}.Release|Any CPU.ActiveCfg = Release|Any CPU
		{1D459C1A-CE23-456C-BC05-BCB698DF38DB}.Release|Any CPU.Build.0 = Release|Any CPU
		{1D459C1A-CE23-456C-BC05-BCB698DF38DB}.Release|x64.ActiveCfg = Release|x64
		{1D459C1A-CE23-456C-BC05-BCB698DF38DB}.Release|x64.Build.0 = Release|x64
		{1D459C1A-CE23-456C-BC05-BCB698DF38DB}.Release|x86.ActiveCfg = Release|Any CPU
		{1D459C1A-CE23-456C-BC05-BCB698DF38DB}.Release|x86.Build.0 = Release|Any CPU
		{00D1AD9C-F443-4FF1-B2BF-ACB805F39F7F}.Debug|Any CPU.ActiveCfg = Debug|x64
		{00D1AD9C-F443-4FF1-B2BF-ACB805F39F7F}.Debug|Any CPU.Build.0 = Debug|x64
		{00D1AD9C-F443-4FF1-B2BF-ACB805F39F7F}.Debug|x64.ActiveCfg = Debug|Any CPU
		{00D1AD9C-F443-4FF1-B2BF-ACB805F39F7F}.Debug|x64.Build.0 = Debug|Any CPU
		{00D1AD9C-F443-4FF1-B2BF-ACB805F39F7F}.Debug|x86.ActiveCfg = Debug|Any CPU
		{00D1AD9C-F443-4FF1-B2BF-ACB805F39F7F}.Debug|x86.Build.0 = Debug|Any CPU
		{00D1AD9C-F443-4FF1-B2BF-ACB805F39F7F}.Release|Any CPU.ActiveCfg = Release|Any CPU
		{00D1AD9C-F443-4FF1-B2BF-ACB805F39F7F}.Release|Any CPU.Build.0 = Release|Any CPU
		{00D1AD9C-F443-4FF1-B2BF-ACB805F39F7F}.Release|x64.ActiveCfg = Release|x64
		{00D1AD9C-F443-4FF1-B2BF-ACB805F39F7F}.Release|x64.Build.0 = Release|x64
		{00D1AD9C-F443-4FF1-B2BF-ACB805F39F7F}.Release|x86.ActiveCfg = Release|Any CPU
		{00D1AD9C-F443-4FF1-B2BF-ACB805F39F7F}.Release|x86.Build.0 = Release|Any CPU
		{6CF52967-B154-4592-9370-BFEFD78CBDF8}.Debug|Any CPU.ActiveCfg = Debug|Any CPU
		{6CF52967-B154-4592-9370-BFEFD78CBDF8}.Debug|Any CPU.Build.0 = Debug|Any CPU
		{6CF52967-B154-4592-9370-BFEFD78CBDF8}.Debug|x64.ActiveCfg = Debug|Any CPU
		{6CF52967-B154-4592-9370-BFEFD78CBDF8}.Debug|x64.Build.0 = Debug|Any CPU
		{6CF52967-B154-4592-9370-BFEFD78CBDF8}.Debug|x86.ActiveCfg = Debug|Any CPU
		{6CF52967-B154-4592-9370-BFEFD78CBDF8}.Debug|x86.Build.0 = Debug|Any CPU
		{6CF52967-B154-4592-9370-BFEFD78CBDF8}.Release|Any CPU.ActiveCfg = Release|Any CPU
		{6CF52967-B154-4592-9370-BFEFD78CBDF8}.Release|Any CPU.Build.0 = Release|Any CPU
		{6CF52967-B154-4592-9370-BFEFD78CBDF8}.Release|x64.ActiveCfg = Release|Any CPU
		{6CF52967-B154-4592-9370-BFEFD78CBDF8}.Release|x64.Build.0 = Release|Any CPU
		{6CF52967-B154-4592-9370-BFEFD78CBDF8}.Release|x86.ActiveCfg = Release|Any CPU
		{6CF52967-B154-4592-9370-BFEFD78CBDF8}.Release|x86.Build.0 = Release|Any CPU
		{33DDE983-B924-4BB1-8C54-82D57FE06BF9}.Debug|Any CPU.ActiveCfg = Debug|Any CPU
		{33DDE983-B924-4BB1-8C54-82D57FE06BF9}.Debug|Any CPU.Build.0 = Debug|Any CPU
		{33DDE983-B924-4BB1-8C54-82D57FE06BF9}.Debug|x64.ActiveCfg = Debug|Any CPU
		{33DDE983-B924-4BB1-8C54-82D57FE06BF9}.Debug|x64.Build.0 = Debug|Any CPU
		{33DDE983-B924-4BB1-8C54-82D57FE06BF9}.Debug|x86.ActiveCfg = Debug|Any CPU
		{33DDE983-B924-4BB1-8C54-82D57FE06BF9}.Debug|x86.Build.0 = Debug|Any CPU
		{33DDE983-B924-4BB1-8C54-82D57FE06BF9}.Release|Any CPU.ActiveCfg = Release|Any CPU
		{33DDE983-B924-4BB1-8C54-82D57FE06BF9}.Release|Any CPU.Build.0 = Release|Any CPU
		{33DDE983-B924-4BB1-8C54-82D57FE06BF9}.Release|x64.ActiveCfg = Release|Any CPU
		{33DDE983-B924-4BB1-8C54-82D57FE06BF9}.Release|x64.Build.0 = Release|Any CPU
		{33DDE983-B924-4BB1-8C54-82D57FE06BF9}.Release|x86.ActiveCfg = Release|Any CPU
		{33DDE983-B924-4BB1-8C54-82D57FE06BF9}.Release|x86.Build.0 = Release|Any CPU
		{538504F6-5F8E-4DE7-B5C8-DEBD8E285FB1}.Debug|Any CPU.ActiveCfg = Debug|x64
		{538504F6-5F8E-4DE7-B5C8-DEBD8E285FB1}.Debug|Any CPU.Build.0 = Debug|x64
		{538504F6-5F8E-4DE7-B5C8-DEBD8E285FB1}.Debug|x64.ActiveCfg = Debug|x64
		{538504F6-5F8E-4DE7-B5C8-DEBD8E285FB1}.Debug|x64.Build.0 = Debug|x64
		{538504F6-5F8E-4DE7-B5C8-DEBD8E285FB1}.Debug|x86.ActiveCfg = Debug|Any CPU
		{538504F6-5F8E-4DE7-B5C8-DEBD8E285FB1}.Debug|x86.Build.0 = Debug|Any CPU
		{538504F6-5F8E-4DE7-B5C8-DEBD8E285FB1}.Release|Any CPU.ActiveCfg = Release|Any CPU
		{538504F6-5F8E-4DE7-B5C8-DEBD8E285FB1}.Release|Any CPU.Build.0 = Release|Any CPU
		{538504F6-5F8E-4DE7-B5C8-DEBD8E285FB1}.Release|x64.ActiveCfg = Release|x64
		{538504F6-5F8E-4DE7-B5C8-DEBD8E285FB1}.Release|x64.Build.0 = Release|x64
		{538504F6-5F8E-4DE7-B5C8-DEBD8E285FB1}.Release|x86.ActiveCfg = Release|Any CPU
		{538504F6-5F8E-4DE7-B5C8-DEBD8E285FB1}.Release|x86.Build.0 = Release|Any CPU
		{9256A08B-3FE0-4746-B6EE-050183C4EAFE}.Debug|Any CPU.ActiveCfg = Debug|x64
		{9256A08B-3FE0-4746-B6EE-050183C4EAFE}.Debug|Any CPU.Build.0 = Debug|x64
		{9256A08B-3FE0-4746-B6EE-050183C4EAFE}.Debug|x64.ActiveCfg = Debug|x64
		{9256A08B-3FE0-4746-B6EE-050183C4EAFE}.Debug|x64.Build.0 = Debug|x64
		{9256A08B-3FE0-4746-B6EE-050183C4EAFE}.Debug|x86.ActiveCfg = Debug|Any CPU
		{9256A08B-3FE0-4746-B6EE-050183C4EAFE}.Debug|x86.Build.0 = Debug|Any CPU
		{9256A08B-3FE0-4746-B6EE-050183C4EAFE}.Release|Any CPU.ActiveCfg = Release|Any CPU
		{9256A08B-3FE0-4746-B6EE-050183C4EAFE}.Release|Any CPU.Build.0 = Release|Any CPU
		{9256A08B-3FE0-4746-B6EE-050183C4EAFE}.Release|x64.ActiveCfg = Release|x64
		{9256A08B-3FE0-4746-B6EE-050183C4EAFE}.Release|x64.Build.0 = Release|x64
		{9256A08B-3FE0-4746-B6EE-050183C4EAFE}.Release|x86.ActiveCfg = Release|Any CPU
		{9256A08B-3FE0-4746-B6EE-050183C4EAFE}.Release|x86.Build.0 = Release|Any CPU
		{2357FF3B-8147-4B9A-9E33-A4C0E2CDEBDA}.Debug|Any CPU.ActiveCfg = Debug|Any CPU
		{2357FF3B-8147-4B9A-9E33-A4C0E2CDEBDA}.Debug|Any CPU.Build.0 = Debug|Any CPU
		{2357FF3B-8147-4B9A-9E33-A4C0E2CDEBDA}.Debug|x64.ActiveCfg = Debug|Any CPU
		{2357FF3B-8147-4B9A-9E33-A4C0E2CDEBDA}.Debug|x64.Build.0 = Debug|Any CPU
		{2357FF3B-8147-4B9A-9E33-A4C0E2CDEBDA}.Debug|x86.ActiveCfg = Debug|Any CPU
		{2357FF3B-8147-4B9A-9E33-A4C0E2CDEBDA}.Debug|x86.Build.0 = Debug|Any CPU
		{2357FF3B-8147-4B9A-9E33-A4C0E2CDEBDA}.Release|Any CPU.ActiveCfg = Release|Any CPU
		{2357FF3B-8147-4B9A-9E33-A4C0E2CDEBDA}.Release|Any CPU.Build.0 = Release|Any CPU
		{2357FF3B-8147-4B9A-9E33-A4C0E2CDEBDA}.Release|x64.ActiveCfg = Release|Any CPU
		{2357FF3B-8147-4B9A-9E33-A4C0E2CDEBDA}.Release|x64.Build.0 = Release|Any CPU
		{2357FF3B-8147-4B9A-9E33-A4C0E2CDEBDA}.Release|x86.ActiveCfg = Release|Any CPU
		{2357FF3B-8147-4B9A-9E33-A4C0E2CDEBDA}.Release|x86.Build.0 = Release|Any CPU
		{420C34E6-89FA-43E0-B3C2-8D0C9105D7F2}.Debug|Any CPU.ActiveCfg = Debug|Any CPU
		{420C34E6-89FA-43E0-B3C2-8D0C9105D7F2}.Debug|Any CPU.Build.0 = Debug|Any CPU
		{420C34E6-89FA-43E0-B3C2-8D0C9105D7F2}.Debug|x64.ActiveCfg = Debug|Any CPU
		{420C34E6-89FA-43E0-B3C2-8D0C9105D7F2}.Debug|x64.Build.0 = Debug|Any CPU
		{420C34E6-89FA-43E0-B3C2-8D0C9105D7F2}.Debug|x86.ActiveCfg = Debug|Any CPU
		{420C34E6-89FA-43E0-B3C2-8D0C9105D7F2}.Debug|x86.Build.0 = Debug|Any CPU
		{420C34E6-89FA-43E0-B3C2-8D0C9105D7F2}.Release|Any CPU.ActiveCfg = Release|Any CPU
		{420C34E6-89FA-43E0-B3C2-8D0C9105D7F2}.Release|Any CPU.Build.0 = Release|Any CPU
		{420C34E6-89FA-43E0-B3C2-8D0C9105D7F2}.Release|x64.ActiveCfg = Release|Any CPU
		{420C34E6-89FA-43E0-B3C2-8D0C9105D7F2}.Release|x64.Build.0 = Release|Any CPU
		{420C34E6-89FA-43E0-B3C2-8D0C9105D7F2}.Release|x86.ActiveCfg = Release|Any CPU
		{420C34E6-89FA-43E0-B3C2-8D0C9105D7F2}.Release|x86.Build.0 = Release|Any CPU
		{BC6188B5-A382-4DDB-B0C9-4854905D7C7F}.Debug|Any CPU.ActiveCfg = Debug|Any CPU
		{BC6188B5-A382-4DDB-B0C9-4854905D7C7F}.Debug|Any CPU.Build.0 = Debug|Any CPU
		{BC6188B5-A382-4DDB-B0C9-4854905D7C7F}.Debug|x64.ActiveCfg = Debug|Any CPU
		{BC6188B5-A382-4DDB-B0C9-4854905D7C7F}.Debug|x64.Build.0 = Debug|Any CPU
		{BC6188B5-A382-4DDB-B0C9-4854905D7C7F}.Debug|x86.ActiveCfg = Debug|Any CPU
		{BC6188B5-A382-4DDB-B0C9-4854905D7C7F}.Debug|x86.Build.0 = Debug|Any CPU
		{BC6188B5-A382-4DDB-B0C9-4854905D7C7F}.Release|Any CPU.ActiveCfg = Release|Any CPU
		{BC6188B5-A382-4DDB-B0C9-4854905D7C7F}.Release|Any CPU.Build.0 = Release|Any CPU
		{BC6188B5-A382-4DDB-B0C9-4854905D7C7F}.Release|x64.ActiveCfg = Release|Any CPU
		{BC6188B5-A382-4DDB-B0C9-4854905D7C7F}.Release|x64.Build.0 = Release|Any CPU
		{BC6188B5-A382-4DDB-B0C9-4854905D7C7F}.Release|x86.ActiveCfg = Release|Any CPU
		{BC6188B5-A382-4DDB-B0C9-4854905D7C7F}.Release|x86.Build.0 = Release|Any CPU
		{59B82577-FE4E-4EFF-B54F-6F202D84A8C0}.Debug|Any CPU.ActiveCfg = Debug|Any CPU
		{59B82577-FE4E-4EFF-B54F-6F202D84A8C0}.Debug|Any CPU.Build.0 = Debug|Any CPU
		{59B82577-FE4E-4EFF-B54F-6F202D84A8C0}.Debug|x64.ActiveCfg = Debug|Any CPU
		{59B82577-FE4E-4EFF-B54F-6F202D84A8C0}.Debug|x64.Build.0 = Debug|Any CPU
		{59B82577-FE4E-4EFF-B54F-6F202D84A8C0}.Debug|x86.ActiveCfg = Debug|Any CPU
		{59B82577-FE4E-4EFF-B54F-6F202D84A8C0}.Debug|x86.Build.0 = Debug|Any CPU
		{59B82577-FE4E-4EFF-B54F-6F202D84A8C0}.Release|Any CPU.ActiveCfg = Release|Any CPU
		{59B82577-FE4E-4EFF-B54F-6F202D84A8C0}.Release|Any CPU.Build.0 = Release|Any CPU
		{59B82577-FE4E-4EFF-B54F-6F202D84A8C0}.Release|x64.ActiveCfg = Release|Any CPU
		{59B82577-FE4E-4EFF-B54F-6F202D84A8C0}.Release|x64.Build.0 = Release|Any CPU
		{59B82577-FE4E-4EFF-B54F-6F202D84A8C0}.Release|x86.ActiveCfg = Release|Any CPU
		{59B82577-FE4E-4EFF-B54F-6F202D84A8C0}.Release|x86.Build.0 = Release|Any CPU
		{F24791AA-7E1B-4BF8-A924-21889FD3A61B}.Debug|Any CPU.ActiveCfg = Debug|Any CPU
		{F24791AA-7E1B-4BF8-A924-21889FD3A61B}.Debug|Any CPU.Build.0 = Debug|Any CPU
		{F24791AA-7E1B-4BF8-A924-21889FD3A61B}.Debug|x64.ActiveCfg = Debug|Any CPU
		{F24791AA-7E1B-4BF8-A924-21889FD3A61B}.Debug|x64.Build.0 = Debug|Any CPU
		{F24791AA-7E1B-4BF8-A924-21889FD3A61B}.Debug|x86.ActiveCfg = Debug|Any CPU
		{F24791AA-7E1B-4BF8-A924-21889FD3A61B}.Debug|x86.Build.0 = Debug|Any CPU
		{F24791AA-7E1B-4BF8-A924-21889FD3A61B}.Release|Any CPU.ActiveCfg = Release|Any CPU
		{F24791AA-7E1B-4BF8-A924-21889FD3A61B}.Release|Any CPU.Build.0 = Release|Any CPU
		{F24791AA-7E1B-4BF8-A924-21889FD3A61B}.Release|x64.ActiveCfg = Release|Any CPU
		{F24791AA-7E1B-4BF8-A924-21889FD3A61B}.Release|x64.Build.0 = Release|Any CPU
		{F24791AA-7E1B-4BF8-A924-21889FD3A61B}.Release|x86.ActiveCfg = Release|Any CPU
		{F24791AA-7E1B-4BF8-A924-21889FD3A61B}.Release|x86.Build.0 = Release|Any CPU
		{59AD52EA-9C04-4F3E-9128-1AF62E82EAD9}.Debug|Any CPU.ActiveCfg = Debug|Any CPU
		{59AD52EA-9C04-4F3E-9128-1AF62E82EAD9}.Debug|Any CPU.Build.0 = Debug|Any CPU
		{59AD52EA-9C04-4F3E-9128-1AF62E82EAD9}.Debug|x64.ActiveCfg = Debug|Any CPU
		{59AD52EA-9C04-4F3E-9128-1AF62E82EAD9}.Debug|x64.Build.0 = Debug|Any CPU
		{59AD52EA-9C04-4F3E-9128-1AF62E82EAD9}.Debug|x86.ActiveCfg = Debug|Any CPU
		{59AD52EA-9C04-4F3E-9128-1AF62E82EAD9}.Debug|x86.Build.0 = Debug|Any CPU
		{59AD52EA-9C04-4F3E-9128-1AF62E82EAD9}.Release|Any CPU.ActiveCfg = Release|Any CPU
		{59AD52EA-9C04-4F3E-9128-1AF62E82EAD9}.Release|Any CPU.Build.0 = Release|Any CPU
		{59AD52EA-9C04-4F3E-9128-1AF62E82EAD9}.Release|x64.ActiveCfg = Release|Any CPU
		{59AD52EA-9C04-4F3E-9128-1AF62E82EAD9}.Release|x64.Build.0 = Release|Any CPU
		{59AD52EA-9C04-4F3E-9128-1AF62E82EAD9}.Release|x86.ActiveCfg = Release|Any CPU
		{59AD52EA-9C04-4F3E-9128-1AF62E82EAD9}.Release|x86.Build.0 = Release|Any CPU
		{6620CFC8-3037-427A-96DB-FC220D2DC1E9}.Debug|Any CPU.ActiveCfg = Debug|Any CPU
		{6620CFC8-3037-427A-96DB-FC220D2DC1E9}.Debug|Any CPU.Build.0 = Debug|Any CPU
		{6620CFC8-3037-427A-96DB-FC220D2DC1E9}.Debug|x64.ActiveCfg = Debug|Any CPU
		{6620CFC8-3037-427A-96DB-FC220D2DC1E9}.Debug|x64.Build.0 = Debug|Any CPU
		{6620CFC8-3037-427A-96DB-FC220D2DC1E9}.Debug|x86.ActiveCfg = Debug|Any CPU
		{6620CFC8-3037-427A-96DB-FC220D2DC1E9}.Debug|x86.Build.0 = Debug|Any CPU
		{6620CFC8-3037-427A-96DB-FC220D2DC1E9}.Release|Any CPU.ActiveCfg = Release|Any CPU
		{6620CFC8-3037-427A-96DB-FC220D2DC1E9}.Release|Any CPU.Build.0 = Release|Any CPU
		{6620CFC8-3037-427A-96DB-FC220D2DC1E9}.Release|x64.ActiveCfg = Release|Any CPU
		{6620CFC8-3037-427A-96DB-FC220D2DC1E9}.Release|x64.Build.0 = Release|Any CPU
		{6620CFC8-3037-427A-96DB-FC220D2DC1E9}.Release|x86.ActiveCfg = Release|Any CPU
		{6620CFC8-3037-427A-96DB-FC220D2DC1E9}.Release|x86.Build.0 = Release|Any CPU
		{1192E99A-56C6-47E9-AD23-2A575CB21C7C}.Debug|Any CPU.ActiveCfg = Debug|Any CPU
		{1192E99A-56C6-47E9-AD23-2A575CB21C7C}.Debug|Any CPU.Build.0 = Debug|Any CPU
		{1192E99A-56C6-47E9-AD23-2A575CB21C7C}.Debug|x64.ActiveCfg = Debug|Any CPU
		{1192E99A-56C6-47E9-AD23-2A575CB21C7C}.Debug|x64.Build.0 = Debug|Any CPU
		{1192E99A-56C6-47E9-AD23-2A575CB21C7C}.Debug|x86.ActiveCfg = Debug|Any CPU
		{1192E99A-56C6-47E9-AD23-2A575CB21C7C}.Debug|x86.Build.0 = Debug|Any CPU
		{1192E99A-56C6-47E9-AD23-2A575CB21C7C}.Release|Any CPU.ActiveCfg = Release|Any CPU
		{1192E99A-56C6-47E9-AD23-2A575CB21C7C}.Release|Any CPU.Build.0 = Release|Any CPU
		{1192E99A-56C6-47E9-AD23-2A575CB21C7C}.Release|x64.ActiveCfg = Release|Any CPU
		{1192E99A-56C6-47E9-AD23-2A575CB21C7C}.Release|x64.Build.0 = Release|Any CPU
		{1192E99A-56C6-47E9-AD23-2A575CB21C7C}.Release|x86.ActiveCfg = Release|Any CPU
		{1192E99A-56C6-47E9-AD23-2A575CB21C7C}.Release|x86.Build.0 = Release|Any CPU
		{110C5CB7-D375-4C12-9852-C2786DE1DBCA}.Debug|Any CPU.ActiveCfg = Debug|Any CPU
		{110C5CB7-D375-4C12-9852-C2786DE1DBCA}.Debug|Any CPU.Build.0 = Debug|Any CPU
		{110C5CB7-D375-4C12-9852-C2786DE1DBCA}.Debug|x64.ActiveCfg = Debug|Any CPU
		{110C5CB7-D375-4C12-9852-C2786DE1DBCA}.Debug|x64.Build.0 = Debug|Any CPU
		{110C5CB7-D375-4C12-9852-C2786DE1DBCA}.Debug|x86.ActiveCfg = Debug|Any CPU
		{110C5CB7-D375-4C12-9852-C2786DE1DBCA}.Debug|x86.Build.0 = Debug|Any CPU
		{110C5CB7-D375-4C12-9852-C2786DE1DBCA}.Release|Any CPU.ActiveCfg = Release|Any CPU
		{110C5CB7-D375-4C12-9852-C2786DE1DBCA}.Release|Any CPU.Build.0 = Release|Any CPU
		{110C5CB7-D375-4C12-9852-C2786DE1DBCA}.Release|x64.ActiveCfg = Release|Any CPU
		{110C5CB7-D375-4C12-9852-C2786DE1DBCA}.Release|x64.Build.0 = Release|Any CPU
		{110C5CB7-D375-4C12-9852-C2786DE1DBCA}.Release|x86.ActiveCfg = Release|Any CPU
		{110C5CB7-D375-4C12-9852-C2786DE1DBCA}.Release|x86.Build.0 = Release|Any CPU
		{67ED8F5F-62BC-4FA3-B6D1-00B5A29C9DA3}.Debug|Any CPU.ActiveCfg = Debug|Any CPU
		{67ED8F5F-62BC-4FA3-B6D1-00B5A29C9DA3}.Debug|Any CPU.Build.0 = Debug|Any CPU
		{67ED8F5F-62BC-4FA3-B6D1-00B5A29C9DA3}.Debug|x64.ActiveCfg = Debug|Any CPU
		{67ED8F5F-62BC-4FA3-B6D1-00B5A29C9DA3}.Debug|x64.Build.0 = Debug|Any CPU
		{67ED8F5F-62BC-4FA3-B6D1-00B5A29C9DA3}.Debug|x86.ActiveCfg = Debug|Any CPU
		{67ED8F5F-62BC-4FA3-B6D1-00B5A29C9DA3}.Debug|x86.Build.0 = Debug|Any CPU
		{67ED8F5F-62BC-4FA3-B6D1-00B5A29C9DA3}.Release|Any CPU.ActiveCfg = Release|Any CPU
		{67ED8F5F-62BC-4FA3-B6D1-00B5A29C9DA3}.Release|Any CPU.Build.0 = Release|Any CPU
		{67ED8F5F-62BC-4FA3-B6D1-00B5A29C9DA3}.Release|x64.ActiveCfg = Release|Any CPU
		{67ED8F5F-62BC-4FA3-B6D1-00B5A29C9DA3}.Release|x64.Build.0 = Release|Any CPU
		{67ED8F5F-62BC-4FA3-B6D1-00B5A29C9DA3}.Release|x86.ActiveCfg = Release|Any CPU
		{67ED8F5F-62BC-4FA3-B6D1-00B5A29C9DA3}.Release|x86.Build.0 = Release|Any CPU
		{FE4387B7-31CA-4BA5-B06A-1E3EA96DB3DF}.Debug|Any CPU.ActiveCfg = Debug|x64
		{FE4387B7-31CA-4BA5-B06A-1E3EA96DB3DF}.Debug|x64.ActiveCfg = Debug|x64
		{FE4387B7-31CA-4BA5-B06A-1E3EA96DB3DF}.Debug|x64.Build.0 = Debug|x64
		{FE4387B7-31CA-4BA5-B06A-1E3EA96DB3DF}.Debug|x86.ActiveCfg = Debug|Win32
		{FE4387B7-31CA-4BA5-B06A-1E3EA96DB3DF}.Debug|x86.Build.0 = Debug|Win32
		{FE4387B7-31CA-4BA5-B06A-1E3EA96DB3DF}.Release|Any CPU.ActiveCfg = Release|x64
		{FE4387B7-31CA-4BA5-B06A-1E3EA96DB3DF}.Release|x64.ActiveCfg = Release|x64
		{FE4387B7-31CA-4BA5-B06A-1E3EA96DB3DF}.Release|x64.Build.0 = Release|x64
		{FE4387B7-31CA-4BA5-B06A-1E3EA96DB3DF}.Release|x86.ActiveCfg = Release|Win32
		{FE4387B7-31CA-4BA5-B06A-1E3EA96DB3DF}.Release|x86.Build.0 = Release|Win32
		{1F6CCF61-8177-4E19-B5E4-1B1BF5EEDD86}.Debug|Any CPU.ActiveCfg = Debug|x64
		{1F6CCF61-8177-4E19-B5E4-1B1BF5EEDD86}.Debug|x64.ActiveCfg = Debug|x64
		{1F6CCF61-8177-4E19-B5E4-1B1BF5EEDD86}.Debug|x64.Build.0 = Debug|x64
		{1F6CCF61-8177-4E19-B5E4-1B1BF5EEDD86}.Debug|x86.ActiveCfg = Debug|Win32
		{1F6CCF61-8177-4E19-B5E4-1B1BF5EEDD86}.Debug|x86.Build.0 = Debug|Win32
		{1F6CCF61-8177-4E19-B5E4-1B1BF5EEDD86}.Release|Any CPU.ActiveCfg = Release|x64
		{1F6CCF61-8177-4E19-B5E4-1B1BF5EEDD86}.Release|x64.ActiveCfg = Release|x64
		{1F6CCF61-8177-4E19-B5E4-1B1BF5EEDD86}.Release|x64.Build.0 = Release|x64
		{1F6CCF61-8177-4E19-B5E4-1B1BF5EEDD86}.Release|x86.ActiveCfg = Release|Win32
		{1F6CCF61-8177-4E19-B5E4-1B1BF5EEDD86}.Release|x86.Build.0 = Release|Win32
		{D2582DB2-6111-47EC-A6C5-1DEF3F35E19A}.Debug|Any CPU.ActiveCfg = Debug|x64
		{D2582DB2-6111-47EC-A6C5-1DEF3F35E19A}.Debug|x64.ActiveCfg = Debug|x64
		{D2582DB2-6111-47EC-A6C5-1DEF3F35E19A}.Debug|x64.Build.0 = Debug|x64
		{D2582DB2-6111-47EC-A6C5-1DEF3F35E19A}.Debug|x86.ActiveCfg = Debug|Win32
		{D2582DB2-6111-47EC-A6C5-1DEF3F35E19A}.Debug|x86.Build.0 = Debug|Win32
		{D2582DB2-6111-47EC-A6C5-1DEF3F35E19A}.Release|Any CPU.ActiveCfg = Release|x64
		{D2582DB2-6111-47EC-A6C5-1DEF3F35E19A}.Release|x64.ActiveCfg = Release|x64
		{D2582DB2-6111-47EC-A6C5-1DEF3F35E19A}.Release|x64.Build.0 = Release|x64
		{D2582DB2-6111-47EC-A6C5-1DEF3F35E19A}.Release|x86.ActiveCfg = Release|Win32
		{D2582DB2-6111-47EC-A6C5-1DEF3F35E19A}.Release|x86.Build.0 = Release|Win32
		{928E5184-E97B-4893-9D1D-AD889D1A8E03}.Debug|Any CPU.ActiveCfg = Debug|x64
		{928E5184-E97B-4893-9D1D-AD889D1A8E03}.Debug|x64.ActiveCfg = Debug|x64
		{928E5184-E97B-4893-9D1D-AD889D1A8E03}.Debug|x64.Build.0 = Debug|x64
		{928E5184-E97B-4893-9D1D-AD889D1A8E03}.Debug|x86.ActiveCfg = Debug|Win32
		{928E5184-E97B-4893-9D1D-AD889D1A8E03}.Debug|x86.Build.0 = Debug|Win32
		{928E5184-E97B-4893-9D1D-AD889D1A8E03}.Release|Any CPU.ActiveCfg = Release|x64
		{928E5184-E97B-4893-9D1D-AD889D1A8E03}.Release|x64.ActiveCfg = Release|x64
		{928E5184-E97B-4893-9D1D-AD889D1A8E03}.Release|x86.ActiveCfg = Release|Win32
		{928E5184-E97B-4893-9D1D-AD889D1A8E03}.Release|x86.Build.0 = Release|Win32
		{9E456A45-3315-40B6-8CB2-DE676FC41367}.Debug|Any CPU.ActiveCfg = Release|x64
		{9E456A45-3315-40B6-8CB2-DE676FC41367}.Debug|x64.ActiveCfg = Debug|x64
		{9E456A45-3315-40B6-8CB2-DE676FC41367}.Debug|x64.Build.0 = Debug|x64
		{9E456A45-3315-40B6-8CB2-DE676FC41367}.Debug|x86.ActiveCfg = Debug|Win32
		{9E456A45-3315-40B6-8CB2-DE676FC41367}.Debug|x86.Build.0 = Debug|Win32
		{9E456A45-3315-40B6-8CB2-DE676FC41367}.Release|Any CPU.ActiveCfg = Release|Win32
		{9E456A45-3315-40B6-8CB2-DE676FC41367}.Release|x64.ActiveCfg = Release|x64
		{9E456A45-3315-40B6-8CB2-DE676FC41367}.Release|x64.Build.0 = Release|x64
		{9E456A45-3315-40B6-8CB2-DE676FC41367}.Release|x86.ActiveCfg = Release|Win32
		{9E456A45-3315-40B6-8CB2-DE676FC41367}.Release|x86.Build.0 = Release|Win32
		{C8FDB2B8-8A25-4D24-B419-6608EAE8D34A}.Debug|Any CPU.ActiveCfg = Debug|x64
		{C8FDB2B8-8A25-4D24-B419-6608EAE8D34A}.Debug|x64.ActiveCfg = Debug|x64
		{C8FDB2B8-8A25-4D24-B419-6608EAE8D34A}.Debug|x64.Build.0 = Debug|x64
		{C8FDB2B8-8A25-4D24-B419-6608EAE8D34A}.Debug|x86.ActiveCfg = Debug|Win32
		{C8FDB2B8-8A25-4D24-B419-6608EAE8D34A}.Debug|x86.Build.0 = Debug|Win32
		{C8FDB2B8-8A25-4D24-B419-6608EAE8D34A}.Release|Any CPU.ActiveCfg = Release|Win32
		{C8FDB2B8-8A25-4D24-B419-6608EAE8D34A}.Release|x64.ActiveCfg = Release|x64
		{C8FDB2B8-8A25-4D24-B419-6608EAE8D34A}.Release|x64.Build.0 = Release|x64
		{C8FDB2B8-8A25-4D24-B419-6608EAE8D34A}.Release|x86.ActiveCfg = Release|Win32
		{C8FDB2B8-8A25-4D24-B419-6608EAE8D34A}.Release|x86.Build.0 = Release|Win32
		{5072C827-74DD-47D2-8881-B4DC736F2064}.Debug|Any CPU.ActiveCfg = Release|x64
		{5072C827-74DD-47D2-8881-B4DC736F2064}.Debug|x64.ActiveCfg = Debug|x64
		{5072C827-74DD-47D2-8881-B4DC736F2064}.Debug|x64.Build.0 = Debug|x64
		{5072C827-74DD-47D2-8881-B4DC736F2064}.Debug|x86.ActiveCfg = Debug|Win32
		{5072C827-74DD-47D2-8881-B4DC736F2064}.Debug|x86.Build.0 = Debug|Win32
		{5072C827-74DD-47D2-8881-B4DC736F2064}.Release|Any CPU.ActiveCfg = Release|Win32
		{5072C827-74DD-47D2-8881-B4DC736F2064}.Release|x64.ActiveCfg = Release|x64
		{5072C827-74DD-47D2-8881-B4DC736F2064}.Release|x64.Build.0 = Release|x64
		{5072C827-74DD-47D2-8881-B4DC736F2064}.Release|x86.ActiveCfg = Release|Win32
		{5072C827-74DD-47D2-8881-B4DC736F2064}.Release|x86.Build.0 = Release|Win32
		{8542304C-3B7C-4AE6-841C-7C8FF24FC4CA}.Debug|Any CPU.ActiveCfg = Release|x64
		{8542304C-3B7C-4AE6-841C-7C8FF24FC4CA}.Debug|x64.ActiveCfg = Debug|x64
		{8542304C-3B7C-4AE6-841C-7C8FF24FC4CA}.Debug|x64.Build.0 = Debug|x64
		{8542304C-3B7C-4AE6-841C-7C8FF24FC4CA}.Debug|x86.ActiveCfg = Debug|Win32
		{8542304C-3B7C-4AE6-841C-7C8FF24FC4CA}.Debug|x86.Build.0 = Debug|Win32
		{8542304C-3B7C-4AE6-841C-7C8FF24FC4CA}.Release|Any CPU.ActiveCfg = Release|x64
		{8542304C-3B7C-4AE6-841C-7C8FF24FC4CA}.Release|x64.ActiveCfg = Release|x64
		{8542304C-3B7C-4AE6-841C-7C8FF24FC4CA}.Release|x64.Build.0 = Release|x64
		{8542304C-3B7C-4AE6-841C-7C8FF24FC4CA}.Release|x86.ActiveCfg = Release|Win32
		{8542304C-3B7C-4AE6-841C-7C8FF24FC4CA}.Release|x86.Build.0 = Release|Win32
		{5981A0F7-D86D-4EF4-83C0-CD4493ECECFE}.Debug|Any CPU.ActiveCfg = Release|x64
		{5981A0F7-D86D-4EF4-83C0-CD4493ECECFE}.Debug|x64.ActiveCfg = Debug|x64
		{5981A0F7-D86D-4EF4-83C0-CD4493ECECFE}.Debug|x64.Build.0 = Debug|x64
		{5981A0F7-D86D-4EF4-83C0-CD4493ECECFE}.Debug|x86.ActiveCfg = Debug|Win32
		{5981A0F7-D86D-4EF4-83C0-CD4493ECECFE}.Debug|x86.Build.0 = Debug|Win32
		{5981A0F7-D86D-4EF4-83C0-CD4493ECECFE}.Release|Any CPU.ActiveCfg = Release|Win32
		{5981A0F7-D86D-4EF4-83C0-CD4493ECECFE}.Release|x64.ActiveCfg = Release|x64
		{5981A0F7-D86D-4EF4-83C0-CD4493ECECFE}.Release|x64.Build.0 = Release|x64
		{5981A0F7-D86D-4EF4-83C0-CD4493ECECFE}.Release|x86.ActiveCfg = Release|Win32
		{5981A0F7-D86D-4EF4-83C0-CD4493ECECFE}.Release|x86.Build.0 = Release|Win32
		{59FCEDE2-D849-4177-943F-76A36C7F0518}.Debug|Any CPU.ActiveCfg = Release|x64
		{59FCEDE2-D849-4177-943F-76A36C7F0518}.Debug|x64.ActiveCfg = Debug|x64
		{59FCEDE2-D849-4177-943F-76A36C7F0518}.Debug|x64.Build.0 = Debug|x64
		{59FCEDE2-D849-4177-943F-76A36C7F0518}.Debug|x86.ActiveCfg = Debug|Win32
		{59FCEDE2-D849-4177-943F-76A36C7F0518}.Debug|x86.Build.0 = Debug|Win32
		{59FCEDE2-D849-4177-943F-76A36C7F0518}.Release|Any CPU.ActiveCfg = Release|x64
		{59FCEDE2-D849-4177-943F-76A36C7F0518}.Release|x64.ActiveCfg = Release|x64
		{59FCEDE2-D849-4177-943F-76A36C7F0518}.Release|x64.Build.0 = Release|x64
		{59FCEDE2-D849-4177-943F-76A36C7F0518}.Release|x86.ActiveCfg = Release|Win32
		{59FCEDE2-D849-4177-943F-76A36C7F0518}.Release|x86.Build.0 = Release|Win32
		{485D2C53-42F0-4CE1-81C8-C2F1715F12E4}.Debug|Any CPU.ActiveCfg = Debug|x64
		{485D2C53-42F0-4CE1-81C8-C2F1715F12E4}.Debug|Any CPU.Build.0 = Debug|x64
		{485D2C53-42F0-4CE1-81C8-C2F1715F12E4}.Debug|x64.ActiveCfg = Debug|x64
		{485D2C53-42F0-4CE1-81C8-C2F1715F12E4}.Debug|x64.Build.0 = Debug|x64
		{485D2C53-42F0-4CE1-81C8-C2F1715F12E4}.Debug|x86.ActiveCfg = Debug|Win32
		{485D2C53-42F0-4CE1-81C8-C2F1715F12E4}.Debug|x86.Build.0 = Debug|Win32
		{485D2C53-42F0-4CE1-81C8-C2F1715F12E4}.Release|Any CPU.ActiveCfg = Release|x64
		{485D2C53-42F0-4CE1-81C8-C2F1715F12E4}.Release|Any CPU.Build.0 = Release|x64
		{485D2C53-42F0-4CE1-81C8-C2F1715F12E4}.Release|x64.ActiveCfg = Release|x64
		{485D2C53-42F0-4CE1-81C8-C2F1715F12E4}.Release|x64.Build.0 = Release|x64
		{485D2C53-42F0-4CE1-81C8-C2F1715F12E4}.Release|x86.ActiveCfg = Release|Win32
		{485D2C53-42F0-4CE1-81C8-C2F1715F12E4}.Release|x86.Build.0 = Release|Win32
		{5CADA47F-F11A-4118-8FD7-B8FB5A9379AB}.Debug|Any CPU.ActiveCfg = Debug|x64
		{5CADA47F-F11A-4118-8FD7-B8FB5A9379AB}.Debug|Any CPU.Build.0 = Debug|x64
		{5CADA47F-F11A-4118-8FD7-B8FB5A9379AB}.Debug|x64.ActiveCfg = Debug|x64
		{5CADA47F-F11A-4118-8FD7-B8FB5A9379AB}.Debug|x64.Build.0 = Debug|x64
		{5CADA47F-F11A-4118-8FD7-B8FB5A9379AB}.Debug|x86.ActiveCfg = Debug|Win32
		{5CADA47F-F11A-4118-8FD7-B8FB5A9379AB}.Debug|x86.Build.0 = Debug|Win32
		{5CADA47F-F11A-4118-8FD7-B8FB5A9379AB}.Release|Any CPU.ActiveCfg = Release|x64
		{5CADA47F-F11A-4118-8FD7-B8FB5A9379AB}.Release|Any CPU.Build.0 = Release|x64
		{5CADA47F-F11A-4118-8FD7-B8FB5A9379AB}.Release|x64.ActiveCfg = Release|x64
		{5CADA47F-F11A-4118-8FD7-B8FB5A9379AB}.Release|x64.Build.0 = Release|x64
		{5CADA47F-F11A-4118-8FD7-B8FB5A9379AB}.Release|x86.ActiveCfg = Release|Win32
		{5CADA47F-F11A-4118-8FD7-B8FB5A9379AB}.Release|x86.Build.0 = Release|Win32
		{A85AEA45-8265-4427-8C70-A3A04554F6B5}.Debug|Any CPU.ActiveCfg = Release|Win32
		{A85AEA45-8265-4427-8C70-A3A04554F6B5}.Debug|Any CPU.Build.0 = Release|Win32
		{A85AEA45-8265-4427-8C70-A3A04554F6B5}.Debug|x64.ActiveCfg = Debug|x64
		{A85AEA45-8265-4427-8C70-A3A04554F6B5}.Debug|x64.Build.0 = Debug|x64
		{A85AEA45-8265-4427-8C70-A3A04554F6B5}.Debug|x86.ActiveCfg = Debug|Win32
		{A85AEA45-8265-4427-8C70-A3A04554F6B5}.Debug|x86.Build.0 = Debug|Win32
		{A85AEA45-8265-4427-8C70-A3A04554F6B5}.Release|Any CPU.ActiveCfg = Release|x64
		{A85AEA45-8265-4427-8C70-A3A04554F6B5}.Release|Any CPU.Build.0 = Release|x64
		{A85AEA45-8265-4427-8C70-A3A04554F6B5}.Release|x64.ActiveCfg = Release|Win32
		{A85AEA45-8265-4427-8C70-A3A04554F6B5}.Release|x64.Build.0 = Release|Win32
		{A85AEA45-8265-4427-8C70-A3A04554F6B5}.Release|x86.ActiveCfg = Release|Win32
		{A85AEA45-8265-4427-8C70-A3A04554F6B5}.Release|x86.Build.0 = Release|Win32
		{027209FC-6CA7-4E89-B166-EF3F2AF5783F}.Debug|Any CPU.ActiveCfg = Debug|x64
		{027209FC-6CA7-4E89-B166-EF3F2AF5783F}.Debug|Any CPU.Build.0 = Debug|x64
		{027209FC-6CA7-4E89-B166-EF3F2AF5783F}.Debug|x64.ActiveCfg = Debug|x64
		{027209FC-6CA7-4E89-B166-EF3F2AF5783F}.Debug|x64.Build.0 = Debug|x64
		{027209FC-6CA7-4E89-B166-EF3F2AF5783F}.Debug|x86.ActiveCfg = Debug|Win32
		{027209FC-6CA7-4E89-B166-EF3F2AF5783F}.Debug|x86.Build.0 = Debug|Win32
		{027209FC-6CA7-4E89-B166-EF3F2AF5783F}.Release|Any CPU.ActiveCfg = Release|x64
		{027209FC-6CA7-4E89-B166-EF3F2AF5783F}.Release|Any CPU.Build.0 = Release|x64
		{027209FC-6CA7-4E89-B166-EF3F2AF5783F}.Release|x64.ActiveCfg = Release|x64
		{027209FC-6CA7-4E89-B166-EF3F2AF5783F}.Release|x64.Build.0 = Release|x64
		{027209FC-6CA7-4E89-B166-EF3F2AF5783F}.Release|x86.ActiveCfg = Release|Win32
		{027209FC-6CA7-4E89-B166-EF3F2AF5783F}.Release|x86.Build.0 = Release|Win32
		{ACE4A0E9-ACD9-4FEC-8F1E-E289FD429201}.Debug|Any CPU.ActiveCfg = Debug|x64
		{ACE4A0E9-ACD9-4FEC-8F1E-E289FD429201}.Debug|Any CPU.Build.0 = Debug|x64
		{ACE4A0E9-ACD9-4FEC-8F1E-E289FD429201}.Debug|x64.ActiveCfg = Debug|x64
		{ACE4A0E9-ACD9-4FEC-8F1E-E289FD429201}.Debug|x64.Build.0 = Debug|x64
		{ACE4A0E9-ACD9-4FEC-8F1E-E289FD429201}.Debug|x86.ActiveCfg = Debug|Win32
		{ACE4A0E9-ACD9-4FEC-8F1E-E289FD429201}.Debug|x86.Build.0 = Debug|Win32
		{ACE4A0E9-ACD9-4FEC-8F1E-E289FD429201}.Release|Any CPU.ActiveCfg = Release|x64
		{ACE4A0E9-ACD9-4FEC-8F1E-E289FD429201}.Release|Any CPU.Build.0 = Release|x64
		{ACE4A0E9-ACD9-4FEC-8F1E-E289FD429201}.Release|x64.ActiveCfg = Release|x64
		{ACE4A0E9-ACD9-4FEC-8F1E-E289FD429201}.Release|x64.Build.0 = Release|x64
		{ACE4A0E9-ACD9-4FEC-8F1E-E289FD429201}.Release|x86.ActiveCfg = Release|Win32
		{ACE4A0E9-ACD9-4FEC-8F1E-E289FD429201}.Release|x86.Build.0 = Release|Win32
		{936873FC-184B-4C39-941D-7EE98F4859CB}.Debug|Any CPU.ActiveCfg = Debug|x64
		{936873FC-184B-4C39-941D-7EE98F4859CB}.Debug|Any CPU.Build.0 = Debug|x64
		{936873FC-184B-4C39-941D-7EE98F4859CB}.Debug|x64.ActiveCfg = Debug|x64
		{936873FC-184B-4C39-941D-7EE98F4859CB}.Debug|x64.Build.0 = Debug|x64
		{936873FC-184B-4C39-941D-7EE98F4859CB}.Debug|x86.ActiveCfg = Debug|Win32
		{936873FC-184B-4C39-941D-7EE98F4859CB}.Debug|x86.Build.0 = Debug|Win32
		{936873FC-184B-4C39-941D-7EE98F4859CB}.Release|Any CPU.ActiveCfg = Release|x64
		{936873FC-184B-4C39-941D-7EE98F4859CB}.Release|Any CPU.Build.0 = Release|x64
		{936873FC-184B-4C39-941D-7EE98F4859CB}.Release|x64.ActiveCfg = Release|x64
		{936873FC-184B-4C39-941D-7EE98F4859CB}.Release|x64.Build.0 = Release|x64
		{936873FC-184B-4C39-941D-7EE98F4859CB}.Release|x86.ActiveCfg = Release|Win32
		{936873FC-184B-4C39-941D-7EE98F4859CB}.Release|x86.Build.0 = Release|Win32
		{95B37E2F-6894-4A1A-AA31-449F23B85CF8}.Debug|Any CPU.ActiveCfg = Debug|x64
		{95B37E2F-6894-4A1A-AA31-449F23B85CF8}.Debug|Any CPU.Build.0 = Debug|x64
		{95B37E2F-6894-4A1A-AA31-449F23B85CF8}.Debug|x64.ActiveCfg = Debug|x64
		{95B37E2F-6894-4A1A-AA31-449F23B85CF8}.Debug|x64.Build.0 = Debug|x64
		{95B37E2F-6894-4A1A-AA31-449F23B85CF8}.Debug|x86.ActiveCfg = Debug|Win32
		{95B37E2F-6894-4A1A-AA31-449F23B85CF8}.Debug|x86.Build.0 = Debug|Win32
		{95B37E2F-6894-4A1A-AA31-449F23B85CF8}.Release|Any CPU.ActiveCfg = Release|x64
		{95B37E2F-6894-4A1A-AA31-449F23B85CF8}.Release|Any CPU.Build.0 = Release|x64
		{95B37E2F-6894-4A1A-AA31-449F23B85CF8}.Release|x64.ActiveCfg = Release|x64
		{95B37E2F-6894-4A1A-AA31-449F23B85CF8}.Release|x64.Build.0 = Release|x64
		{95B37E2F-6894-4A1A-AA31-449F23B85CF8}.Release|x86.ActiveCfg = Release|Win32
		{95B37E2F-6894-4A1A-AA31-449F23B85CF8}.Release|x86.Build.0 = Release|Win32
		{F7BEB9B0-EC1D-4846-8A29-D3938177108E}.Debug|Any CPU.ActiveCfg = Debug|x64
		{F7BEB9B0-EC1D-4846-8A29-D3938177108E}.Debug|Any CPU.Build.0 = Debug|x64
		{F7BEB9B0-EC1D-4846-8A29-D3938177108E}.Debug|x64.ActiveCfg = Debug|x64
		{F7BEB9B0-EC1D-4846-8A29-D3938177108E}.Debug|x64.Build.0 = Debug|x64
		{F7BEB9B0-EC1D-4846-8A29-D3938177108E}.Debug|x86.ActiveCfg = Debug|Win32
		{F7BEB9B0-EC1D-4846-8A29-D3938177108E}.Debug|x86.Build.0 = Debug|Win32
		{F7BEB9B0-EC1D-4846-8A29-D3938177108E}.Release|Any CPU.ActiveCfg = Release|x64
		{F7BEB9B0-EC1D-4846-8A29-D3938177108E}.Release|Any CPU.Build.0 = Release|x64
		{F7BEB9B0-EC1D-4846-8A29-D3938177108E}.Release|x64.ActiveCfg = Release|Win32
		{F7BEB9B0-EC1D-4846-8A29-D3938177108E}.Release|x64.Build.0 = Release|Win32
		{F7BEB9B0-EC1D-4846-8A29-D3938177108E}.Release|x86.ActiveCfg = Release|Win32
		{F7BEB9B0-EC1D-4846-8A29-D3938177108E}.Release|x86.Build.0 = Release|Win32
		{664BC9DD-0603-4AF6-87B8-ED1025E97A11}.Debug|Any CPU.ActiveCfg = Debug|Any CPU
		{664BC9DD-0603-4AF6-87B8-ED1025E97A11}.Debug|Any CPU.Build.0 = Debug|Any CPU
		{664BC9DD-0603-4AF6-87B8-ED1025E97A11}.Debug|x64.ActiveCfg = Debug|Any CPU
		{664BC9DD-0603-4AF6-87B8-ED1025E97A11}.Debug|x64.Build.0 = Debug|Any CPU
		{664BC9DD-0603-4AF6-87B8-ED1025E97A11}.Debug|x86.ActiveCfg = Debug|Any CPU
		{664BC9DD-0603-4AF6-87B8-ED1025E97A11}.Debug|x86.Build.0 = Debug|Any CPU
		{664BC9DD-0603-4AF6-87B8-ED1025E97A11}.Release|Any CPU.ActiveCfg = Release|Any CPU
		{664BC9DD-0603-4AF6-87B8-ED1025E97A11}.Release|Any CPU.Build.0 = Release|Any CPU
		{664BC9DD-0603-4AF6-87B8-ED1025E97A11}.Release|x64.ActiveCfg = Release|Any CPU
		{664BC9DD-0603-4AF6-87B8-ED1025E97A11}.Release|x64.Build.0 = Release|Any CPU
		{664BC9DD-0603-4AF6-87B8-ED1025E97A11}.Release|x86.ActiveCfg = Release|Any CPU
		{664BC9DD-0603-4AF6-87B8-ED1025E97A11}.Release|x86.Build.0 = Release|Any CPU
		{65DD3952-3835-42D3-A6DE-91D811E64F57}.Debug|Any CPU.ActiveCfg = Debug|Any CPU
		{65DD3952-3835-42D3-A6DE-91D811E64F57}.Debug|Any CPU.Build.0 = Debug|Any CPU
		{65DD3952-3835-42D3-A6DE-91D811E64F57}.Debug|x64.ActiveCfg = Debug|Any CPU
		{65DD3952-3835-42D3-A6DE-91D811E64F57}.Debug|x64.Build.0 = Debug|Any CPU
		{65DD3952-3835-42D3-A6DE-91D811E64F57}.Debug|x86.ActiveCfg = Debug|Any CPU
		{65DD3952-3835-42D3-A6DE-91D811E64F57}.Debug|x86.Build.0 = Debug|Any CPU
		{65DD3952-3835-42D3-A6DE-91D811E64F57}.Release|Any CPU.ActiveCfg = Release|Any CPU
		{65DD3952-3835-42D3-A6DE-91D811E64F57}.Release|Any CPU.Build.0 = Release|Any CPU
		{65DD3952-3835-42D3-A6DE-91D811E64F57}.Release|x64.ActiveCfg = Release|Any CPU
		{65DD3952-3835-42D3-A6DE-91D811E64F57}.Release|x64.Build.0 = Release|Any CPU
		{65DD3952-3835-42D3-A6DE-91D811E64F57}.Release|x86.ActiveCfg = Release|Any CPU
		{65DD3952-3835-42D3-A6DE-91D811E64F57}.Release|x86.Build.0 = Release|Any CPU
		{3A5B1FC9-2ED3-49C2-9EC0-9CA3A870F2D2}.Debug|Any CPU.ActiveCfg = Debug|Any CPU
		{3A5B1FC9-2ED3-49C2-9EC0-9CA3A870F2D2}.Debug|Any CPU.Build.0 = Debug|Any CPU
		{3A5B1FC9-2ED3-49C2-9EC0-9CA3A870F2D2}.Debug|x64.ActiveCfg = Debug|Any CPU
		{3A5B1FC9-2ED3-49C2-9EC0-9CA3A870F2D2}.Debug|x64.Build.0 = Debug|Any CPU
		{3A5B1FC9-2ED3-49C2-9EC0-9CA3A870F2D2}.Debug|x86.ActiveCfg = Debug|Any CPU
		{3A5B1FC9-2ED3-49C2-9EC0-9CA3A870F2D2}.Debug|x86.Build.0 = Debug|Any CPU
		{3A5B1FC9-2ED3-49C2-9EC0-9CA3A870F2D2}.Release|Any CPU.ActiveCfg = Release|Any CPU
		{3A5B1FC9-2ED3-49C2-9EC0-9CA3A870F2D2}.Release|Any CPU.Build.0 = Release|Any CPU
		{3A5B1FC9-2ED3-49C2-9EC0-9CA3A870F2D2}.Release|x64.ActiveCfg = Release|Any CPU
		{3A5B1FC9-2ED3-49C2-9EC0-9CA3A870F2D2}.Release|x64.Build.0 = Release|Any CPU
		{3A5B1FC9-2ED3-49C2-9EC0-9CA3A870F2D2}.Release|x86.ActiveCfg = Release|Any CPU
		{3A5B1FC9-2ED3-49C2-9EC0-9CA3A870F2D2}.Release|x86.Build.0 = Release|Any CPU
		{59E7BC8E-7AC5-4393-AE49-4A4AF40ED1A5}.Debug|Any CPU.ActiveCfg = Debug|Any CPU
		{59E7BC8E-7AC5-4393-AE49-4A4AF40ED1A5}.Debug|Any CPU.Build.0 = Debug|Any CPU
		{59E7BC8E-7AC5-4393-AE49-4A4AF40ED1A5}.Debug|x64.ActiveCfg = Debug|Any CPU
		{59E7BC8E-7AC5-4393-AE49-4A4AF40ED1A5}.Debug|x64.Build.0 = Debug|Any CPU
		{59E7BC8E-7AC5-4393-AE49-4A4AF40ED1A5}.Debug|x86.ActiveCfg = Debug|Any CPU
		{59E7BC8E-7AC5-4393-AE49-4A4AF40ED1A5}.Debug|x86.Build.0 = Debug|Any CPU
		{59E7BC8E-7AC5-4393-AE49-4A4AF40ED1A5}.Release|Any CPU.ActiveCfg = Release|Any CPU
		{59E7BC8E-7AC5-4393-AE49-4A4AF40ED1A5}.Release|Any CPU.Build.0 = Release|Any CPU
		{59E7BC8E-7AC5-4393-AE49-4A4AF40ED1A5}.Release|x64.ActiveCfg = Release|Any CPU
		{59E7BC8E-7AC5-4393-AE49-4A4AF40ED1A5}.Release|x64.Build.0 = Release|Any CPU
		{59E7BC8E-7AC5-4393-AE49-4A4AF40ED1A5}.Release|x86.ActiveCfg = Release|Any CPU
		{59E7BC8E-7AC5-4393-AE49-4A4AF40ED1A5}.Release|x86.Build.0 = Release|Any CPU
		{D6B0330C-55EF-4EE1-B698-2A5177947E9B}.Debug|Any CPU.ActiveCfg = Debug|Any CPU
		{D6B0330C-55EF-4EE1-B698-2A5177947E9B}.Debug|Any CPU.Build.0 = Debug|Any CPU
		{D6B0330C-55EF-4EE1-B698-2A5177947E9B}.Debug|x64.ActiveCfg = Debug|Any CPU
		{D6B0330C-55EF-4EE1-B698-2A5177947E9B}.Debug|x64.Build.0 = Debug|Any CPU
		{D6B0330C-55EF-4EE1-B698-2A5177947E9B}.Debug|x86.ActiveCfg = Debug|Any CPU
		{D6B0330C-55EF-4EE1-B698-2A5177947E9B}.Debug|x86.Build.0 = Debug|Any CPU
		{D6B0330C-55EF-4EE1-B698-2A5177947E9B}.Release|Any CPU.ActiveCfg = Release|Any CPU
		{D6B0330C-55EF-4EE1-B698-2A5177947E9B}.Release|Any CPU.Build.0 = Release|Any CPU
		{D6B0330C-55EF-4EE1-B698-2A5177947E9B}.Release|x64.ActiveCfg = Release|Any CPU
		{D6B0330C-55EF-4EE1-B698-2A5177947E9B}.Release|x64.Build.0 = Release|Any CPU
		{D6B0330C-55EF-4EE1-B698-2A5177947E9B}.Release|x86.ActiveCfg = Release|Any CPU
		{D6B0330C-55EF-4EE1-B698-2A5177947E9B}.Release|x86.Build.0 = Release|Any CPU
		{D58E2742-7EF6-4C79-AFB8-81DF05967DB7}.Debug|Any CPU.ActiveCfg = Debug|x64
		{D58E2742-7EF6-4C79-AFB8-81DF05967DB7}.Debug|Any CPU.Build.0 = Debug|x64
		{D58E2742-7EF6-4C79-AFB8-81DF05967DB7}.Debug|x64.ActiveCfg = Debug|x64
		{D58E2742-7EF6-4C79-AFB8-81DF05967DB7}.Debug|x64.Build.0 = Debug|x64
		{D58E2742-7EF6-4C79-AFB8-81DF05967DB7}.Debug|x86.ActiveCfg = Debug|Win32
		{D58E2742-7EF6-4C79-AFB8-81DF05967DB7}.Debug|x86.Build.0 = Debug|Win32
		{D58E2742-7EF6-4C79-AFB8-81DF05967DB7}.Release|Any CPU.ActiveCfg = Release|x64
		{D58E2742-7EF6-4C79-AFB8-81DF05967DB7}.Release|Any CPU.Build.0 = Release|x64
		{D58E2742-7EF6-4C79-AFB8-81DF05967DB7}.Release|x64.ActiveCfg = Release|x64
		{D58E2742-7EF6-4C79-AFB8-81DF05967DB7}.Release|x64.Build.0 = Release|x64
		{D58E2742-7EF6-4C79-AFB8-81DF05967DB7}.Release|x86.ActiveCfg = Release|Win32
		{D58E2742-7EF6-4C79-AFB8-81DF05967DB7}.Release|x86.Build.0 = Release|Win32
		{BE9E6A2D-B2A8-4BE9-8DE3-D2F34A4A3840}.Debug|Any CPU.ActiveCfg = Debug|x64
		{BE9E6A2D-B2A8-4BE9-8DE3-D2F34A4A3840}.Debug|Any CPU.Build.0 = Debug|x64
		{BE9E6A2D-B2A8-4BE9-8DE3-D2F34A4A3840}.Debug|x64.ActiveCfg = Debug|x64
		{BE9E6A2D-B2A8-4BE9-8DE3-D2F34A4A3840}.Debug|x64.Build.0 = Debug|x64
		{BE9E6A2D-B2A8-4BE9-8DE3-D2F34A4A3840}.Debug|x86.ActiveCfg = Debug|Win32
		{BE9E6A2D-B2A8-4BE9-8DE3-D2F34A4A3840}.Debug|x86.Build.0 = Debug|Win32
		{BE9E6A2D-B2A8-4BE9-8DE3-D2F34A4A3840}.Release|Any CPU.ActiveCfg = Release|x64
		{BE9E6A2D-B2A8-4BE9-8DE3-D2F34A4A3840}.Release|Any CPU.Build.0 = Release|x64
		{BE9E6A2D-B2A8-4BE9-8DE3-D2F34A4A3840}.Release|x64.ActiveCfg = Release|x64
		{BE9E6A2D-B2A8-4BE9-8DE3-D2F34A4A3840}.Release|x64.Build.0 = Release|x64
		{BE9E6A2D-B2A8-4BE9-8DE3-D2F34A4A3840}.Release|x86.ActiveCfg = Release|Win32
		{BE9E6A2D-B2A8-4BE9-8DE3-D2F34A4A3840}.Release|x86.Build.0 = Release|Win32
		{87E21673-C715-4FBE-9597-A9B67FABB7C1}.Debug|Any CPU.ActiveCfg = Debug|x64
		{87E21673-C715-4FBE-9597-A9B67FABB7C1}.Debug|Any CPU.Build.0 = Debug|x64
		{87E21673-C715-4FBE-9597-A9B67FABB7C1}.Debug|x64.ActiveCfg = Debug|x64
		{87E21673-C715-4FBE-9597-A9B67FABB7C1}.Debug|x64.Build.0 = Debug|x64
		{87E21673-C715-4FBE-9597-A9B67FABB7C1}.Debug|x86.ActiveCfg = Debug|Win32
		{87E21673-C715-4FBE-9597-A9B67FABB7C1}.Debug|x86.Build.0 = Debug|Win32
		{87E21673-C715-4FBE-9597-A9B67FABB7C1}.Release|Any CPU.ActiveCfg = Release|x64
		{87E21673-C715-4FBE-9597-A9B67FABB7C1}.Release|Any CPU.Build.0 = Release|x64
		{87E21673-C715-4FBE-9597-A9B67FABB7C1}.Release|x64.ActiveCfg = Release|x64
		{87E21673-C715-4FBE-9597-A9B67FABB7C1}.Release|x64.Build.0 = Release|x64
		{87E21673-C715-4FBE-9597-A9B67FABB7C1}.Release|x86.ActiveCfg = Release|Win32
		{87E21673-C715-4FBE-9597-A9B67FABB7C1}.Release|x86.Build.0 = Release|Win32
		{3C114572-974A-4A27-8B4C-7320BB8DA602}.Debug|Any CPU.ActiveCfg = Debug|x64
		{3C114572-974A-4A27-8B4C-7320BB8DA602}.Debug|Any CPU.Build.0 = Debug|x64
		{3C114572-974A-4A27-8B4C-7320BB8DA602}.Debug|x64.ActiveCfg = Debug|x64
		{3C114572-974A-4A27-8B4C-7320BB8DA602}.Debug|x64.Build.0 = Debug|x64
		{3C114572-974A-4A27-8B4C-7320BB8DA602}.Debug|x86.ActiveCfg = Debug|Win32
		{3C114572-974A-4A27-8B4C-7320BB8DA602}.Debug|x86.Build.0 = Debug|Win32
		{3C114572-974A-4A27-8B4C-7320BB8DA602}.Release|Any CPU.ActiveCfg = Release|x64
		{3C114572-974A-4A27-8B4C-7320BB8DA602}.Release|Any CPU.Build.0 = Release|x64
		{3C114572-974A-4A27-8B4C-7320BB8DA602}.Release|x64.ActiveCfg = Release|x64
		{3C114572-974A-4A27-8B4C-7320BB8DA602}.Release|x64.Build.0 = Release|x64
		{3C114572-974A-4A27-8B4C-7320BB8DA602}.Release|x86.ActiveCfg = Release|Win32
		{3C114572-974A-4A27-8B4C-7320BB8DA602}.Release|x86.Build.0 = Release|Win32
		{E35CC39B-E56B-434D-A02B-C2189BECAD79}.Debug|Any CPU.ActiveCfg = Debug|x64
		{E35CC39B-E56B-434D-A02B-C2189BECAD79}.Debug|Any CPU.Build.0 = Debug|x64
		{E35CC39B-E56B-434D-A02B-C2189BECAD79}.Debug|x64.ActiveCfg = Debug|x64
		{E35CC39B-E56B-434D-A02B-C2189BECAD79}.Debug|x64.Build.0 = Debug|x64
		{E35CC39B-E56B-434D-A02B-C2189BECAD79}.Debug|x86.ActiveCfg = Debug|Win32
		{E35CC39B-E56B-434D-A02B-C2189BECAD79}.Debug|x86.Build.0 = Debug|Win32
		{E35CC39B-E56B-434D-A02B-C2189BECAD79}.Release|Any CPU.ActiveCfg = Release|x64
		{E35CC39B-E56B-434D-A02B-C2189BECAD79}.Release|Any CPU.Build.0 = Release|x64
		{E35CC39B-E56B-434D-A02B-C2189BECAD79}.Release|x64.ActiveCfg = Release|x64
		{E35CC39B-E56B-434D-A02B-C2189BECAD79}.Release|x64.Build.0 = Release|x64
		{E35CC39B-E56B-434D-A02B-C2189BECAD79}.Release|x86.ActiveCfg = Release|Win32
		{E35CC39B-E56B-434D-A02B-C2189BECAD79}.Release|x86.Build.0 = Release|Win32
		{7FACE3E8-E4DB-4704-BFBF-C9B99A99EC34}.Debug|Any CPU.ActiveCfg = Debug|x64
		{7FACE3E8-E4DB-4704-BFBF-C9B99A99EC34}.Debug|Any CPU.Build.0 = Debug|x64
		{7FACE3E8-E4DB-4704-BFBF-C9B99A99EC34}.Debug|x64.ActiveCfg = Debug|x64
		{7FACE3E8-E4DB-4704-BFBF-C9B99A99EC34}.Debug|x64.Build.0 = Debug|x64
		{7FACE3E8-E4DB-4704-BFBF-C9B99A99EC34}.Debug|x86.ActiveCfg = Debug|Win32
		{7FACE3E8-E4DB-4704-BFBF-C9B99A99EC34}.Debug|x86.Build.0 = Debug|Win32
		{7FACE3E8-E4DB-4704-BFBF-C9B99A99EC34}.Release|Any CPU.ActiveCfg = Release|x64
		{7FACE3E8-E4DB-4704-BFBF-C9B99A99EC34}.Release|Any CPU.Build.0 = Release|x64
		{7FACE3E8-E4DB-4704-BFBF-C9B99A99EC34}.Release|x64.ActiveCfg = Release|x64
		{7FACE3E8-E4DB-4704-BFBF-C9B99A99EC34}.Release|x64.Build.0 = Release|x64
		{7FACE3E8-E4DB-4704-BFBF-C9B99A99EC34}.Release|x86.ActiveCfg = Release|Win32
		{7FACE3E8-E4DB-4704-BFBF-C9B99A99EC34}.Release|x86.Build.0 = Release|Win32
		{001282AA-DA7A-4B21-90FD-0842E8C0A086}.Debug|Any CPU.ActiveCfg = Release|x64
		{001282AA-DA7A-4B21-90FD-0842E8C0A086}.Debug|Any CPU.Build.0 = Release|x64
		{001282AA-DA7A-4B21-90FD-0842E8C0A086}.Debug|x64.ActiveCfg = Debug|x64
		{001282AA-DA7A-4B21-90FD-0842E8C0A086}.Debug|x64.Build.0 = Debug|x64
		{001282AA-DA7A-4B21-90FD-0842E8C0A086}.Debug|x86.ActiveCfg = Debug|Win32
		{001282AA-DA7A-4B21-90FD-0842E8C0A086}.Debug|x86.Build.0 = Debug|Win32
		{001282AA-DA7A-4B21-90FD-0842E8C0A086}.Release|Any CPU.ActiveCfg = Release|x64
		{001282AA-DA7A-4B21-90FD-0842E8C0A086}.Release|Any CPU.Build.0 = Release|x64
		{001282AA-DA7A-4B21-90FD-0842E8C0A086}.Release|x64.ActiveCfg = Release|x64
		{001282AA-DA7A-4B21-90FD-0842E8C0A086}.Release|x64.Build.0 = Release|x64
		{001282AA-DA7A-4B21-90FD-0842E8C0A086}.Release|x86.ActiveCfg = Release|Win32
		{001282AA-DA7A-4B21-90FD-0842E8C0A086}.Release|x86.Build.0 = Release|Win32
		{DC6187CB-D5DF-4973-84A2-F92AAE90CDA9}.Debug|Any CPU.ActiveCfg = Debug|x64
		{DC6187CB-D5DF-4973-84A2-F92AAE90CDA9}.Debug|Any CPU.Build.0 = Debug|x64
		{DC6187CB-D5DF-4973-84A2-F92AAE90CDA9}.Debug|x64.ActiveCfg = Debug|x64
		{DC6187CB-D5DF-4973-84A2-F92AAE90CDA9}.Debug|x64.Build.0 = Debug|x64
		{DC6187CB-D5DF-4973-84A2-F92AAE90CDA9}.Debug|x86.ActiveCfg = Debug|Win32
		{DC6187CB-D5DF-4973-84A2-F92AAE90CDA9}.Debug|x86.Build.0 = Debug|Win32
		{DC6187CB-D5DF-4973-84A2-F92AAE90CDA9}.Release|Any CPU.ActiveCfg = Release|x64
		{DC6187CB-D5DF-4973-84A2-F92AAE90CDA9}.Release|Any CPU.Build.0 = Release|x64
		{DC6187CB-D5DF-4973-84A2-F92AAE90CDA9}.Release|x64.ActiveCfg = Release|x64
		{DC6187CB-D5DF-4973-84A2-F92AAE90CDA9}.Release|x64.Build.0 = Release|x64
		{DC6187CB-D5DF-4973-84A2-F92AAE90CDA9}.Release|x86.ActiveCfg = Release|Win32
		{DC6187CB-D5DF-4973-84A2-F92AAE90CDA9}.Release|x86.Build.0 = Release|Win32
		{8FAB989B-016E-46AF-9E99-11DA56299DC0}.Debug|Any CPU.ActiveCfg = Debug|x64
		{8FAB989B-016E-46AF-9E99-11DA56299DC0}.Debug|Any CPU.Build.0 = Debug|x64
		{8FAB989B-016E-46AF-9E99-11DA56299DC0}.Debug|x64.ActiveCfg = Debug|x64
		{8FAB989B-016E-46AF-9E99-11DA56299DC0}.Debug|x64.Build.0 = Debug|x64
		{8FAB989B-016E-46AF-9E99-11DA56299DC0}.Debug|x86.ActiveCfg = Debug|Win32
		{8FAB989B-016E-46AF-9E99-11DA56299DC0}.Debug|x86.Build.0 = Debug|Win32
		{8FAB989B-016E-46AF-9E99-11DA56299DC0}.Release|Any CPU.ActiveCfg = Release|x64
		{8FAB989B-016E-46AF-9E99-11DA56299DC0}.Release|Any CPU.Build.0 = Release|x64
		{8FAB989B-016E-46AF-9E99-11DA56299DC0}.Release|x64.ActiveCfg = Release|x64
		{8FAB989B-016E-46AF-9E99-11DA56299DC0}.Release|x64.Build.0 = Release|x64
		{8FAB989B-016E-46AF-9E99-11DA56299DC0}.Release|x86.ActiveCfg = Release|Win32
		{8FAB989B-016E-46AF-9E99-11DA56299DC0}.Release|x86.Build.0 = Release|Win32
		{B73881D0-03AC-42CC-8942-739492F7D75A}.Debug|Any CPU.ActiveCfg = Release|x64
		{B73881D0-03AC-42CC-8942-739492F7D75A}.Debug|Any CPU.Build.0 = Release|x64
		{B73881D0-03AC-42CC-8942-739492F7D75A}.Debug|x64.ActiveCfg = Debug|x64
		{B73881D0-03AC-42CC-8942-739492F7D75A}.Debug|x64.Build.0 = Debug|x64
		{B73881D0-03AC-42CC-8942-739492F7D75A}.Debug|x86.ActiveCfg = Debug|Win32
		{B73881D0-03AC-42CC-8942-739492F7D75A}.Debug|x86.Build.0 = Debug|Win32
		{B73881D0-03AC-42CC-8942-739492F7D75A}.Release|Any CPU.ActiveCfg = Release|x64
		{B73881D0-03AC-42CC-8942-739492F7D75A}.Release|Any CPU.Build.0 = Release|x64
		{B73881D0-03AC-42CC-8942-739492F7D75A}.Release|x64.ActiveCfg = Release|x64
		{B73881D0-03AC-42CC-8942-739492F7D75A}.Release|x64.Build.0 = Release|x64
		{B73881D0-03AC-42CC-8942-739492F7D75A}.Release|x86.ActiveCfg = Release|Win32
		{B73881D0-03AC-42CC-8942-739492F7D75A}.Release|x86.Build.0 = Release|Win32
		{F5EBF8FA-891D-42CF-A302-8D1726B78B74}.Debug|Any CPU.ActiveCfg = Debug|x64
		{F5EBF8FA-891D-42CF-A302-8D1726B78B74}.Debug|Any CPU.Build.0 = Debug|x64
		{F5EBF8FA-891D-42CF-A302-8D1726B78B74}.Debug|x64.ActiveCfg = Debug|x64
		{F5EBF8FA-891D-42CF-A302-8D1726B78B74}.Debug|x64.Build.0 = Debug|x64
		{F5EBF8FA-891D-42CF-A302-8D1726B78B74}.Debug|x86.ActiveCfg = Debug|Win32
		{F5EBF8FA-891D-42CF-A302-8D1726B78B74}.Debug|x86.Build.0 = Debug|Win32
		{F5EBF8FA-891D-42CF-A302-8D1726B78B74}.Release|Any CPU.ActiveCfg = Release|x64
		{F5EBF8FA-891D-42CF-A302-8D1726B78B74}.Release|Any CPU.Build.0 = Release|x64
		{F5EBF8FA-891D-42CF-A302-8D1726B78B74}.Release|x64.ActiveCfg = Release|x64
		{F5EBF8FA-891D-42CF-A302-8D1726B78B74}.Release|x64.Build.0 = Release|x64
		{F5EBF8FA-891D-42CF-A302-8D1726B78B74}.Release|x86.ActiveCfg = Release|Win32
		{F5EBF8FA-891D-42CF-A302-8D1726B78B74}.Release|x86.Build.0 = Release|Win32
		{DDF10DE7-45B3-44B9-BCAB-ADEE268A539E}.Debug|Any CPU.ActiveCfg = Debug|Any CPU
		{DDF10DE7-45B3-44B9-BCAB-ADEE268A539E}.Debug|Any CPU.Build.0 = Debug|Any CPU
		{DDF10DE7-45B3-44B9-BCAB-ADEE268A539E}.Debug|x64.ActiveCfg = Debug|Any CPU
		{DDF10DE7-45B3-44B9-BCAB-ADEE268A539E}.Debug|x64.Build.0 = Debug|Any CPU
		{DDF10DE7-45B3-44B9-BCAB-ADEE268A539E}.Debug|x86.ActiveCfg = Debug|Any CPU
		{DDF10DE7-45B3-44B9-BCAB-ADEE268A539E}.Debug|x86.Build.0 = Debug|Any CPU
		{DDF10DE7-45B3-44B9-BCAB-ADEE268A539E}.Release|Any CPU.ActiveCfg = Release|Any CPU
		{DDF10DE7-45B3-44B9-BCAB-ADEE268A539E}.Release|Any CPU.Build.0 = Release|Any CPU
		{DDF10DE7-45B3-44B9-BCAB-ADEE268A539E}.Release|x64.ActiveCfg = Release|Any CPU
		{DDF10DE7-45B3-44B9-BCAB-ADEE268A539E}.Release|x64.Build.0 = Release|Any CPU
		{DDF10DE7-45B3-44B9-BCAB-ADEE268A539E}.Release|x86.ActiveCfg = Release|Any CPU
		{DDF10DE7-45B3-44B9-BCAB-ADEE268A539E}.Release|x86.Build.0 = Release|Any CPU
		{8CD499D4-6131-4448-A644-A7D046CBD4C0}.Debug|Any CPU.ActiveCfg = Debug|x64
		{8CD499D4-6131-4448-A644-A7D046CBD4C0}.Debug|Any CPU.Build.0 = Debug|x64
		{8CD499D4-6131-4448-A644-A7D046CBD4C0}.Debug|x64.ActiveCfg = Debug|x64
		{8CD499D4-6131-4448-A644-A7D046CBD4C0}.Debug|x64.Build.0 = Debug|x64
		{8CD499D4-6131-4448-A644-A7D046CBD4C0}.Debug|x86.ActiveCfg = Debug|Win32
		{8CD499D4-6131-4448-A644-A7D046CBD4C0}.Debug|x86.Build.0 = Debug|Win32
		{8CD499D4-6131-4448-A644-A7D046CBD4C0}.Release|Any CPU.ActiveCfg = Release|x64
		{8CD499D4-6131-4448-A644-A7D046CBD4C0}.Release|Any CPU.Build.0 = Release|x64
		{8CD499D4-6131-4448-A644-A7D046CBD4C0}.Release|x64.ActiveCfg = Release|x64
		{8CD499D4-6131-4448-A644-A7D046CBD4C0}.Release|x64.Build.0 = Release|x64
		{8CD499D4-6131-4448-A644-A7D046CBD4C0}.Release|x86.ActiveCfg = Release|Win32
		{8CD499D4-6131-4448-A644-A7D046CBD4C0}.Release|x86.Build.0 = Release|Win32
		{A2895A55-0D53-4C1D-AB2A-7F300EFA8637}.Debug|Any CPU.ActiveCfg = Debug|x64
		{A2895A55-0D53-4C1D-AB2A-7F300EFA8637}.Debug|Any CPU.Build.0 = Debug|x64
		{A2895A55-0D53-4C1D-AB2A-7F300EFA8637}.Debug|x64.ActiveCfg = Debug|x64
		{A2895A55-0D53-4C1D-AB2A-7F300EFA8637}.Debug|x64.Build.0 = Debug|x64
		{A2895A55-0D53-4C1D-AB2A-7F300EFA8637}.Debug|x86.ActiveCfg = Debug|Win32
		{A2895A55-0D53-4C1D-AB2A-7F300EFA8637}.Debug|x86.Build.0 = Debug|Win32
		{A2895A55-0D53-4C1D-AB2A-7F300EFA8637}.Release|Any CPU.ActiveCfg = Release|x64
		{A2895A55-0D53-4C1D-AB2A-7F300EFA8637}.Release|Any CPU.Build.0 = Release|x64
		{A2895A55-0D53-4C1D-AB2A-7F300EFA8637}.Release|x64.ActiveCfg = Release|x64
		{A2895A55-0D53-4C1D-AB2A-7F300EFA8637}.Release|x64.Build.0 = Release|x64
		{A2895A55-0D53-4C1D-AB2A-7F300EFA8637}.Release|x86.ActiveCfg = Release|Win32
		{A2895A55-0D53-4C1D-AB2A-7F300EFA8637}.Release|x86.Build.0 = Release|Win32
		{EE41612C-663B-4634-A9BF-23ABE855B625}.Debug|Any CPU.ActiveCfg = Debug|x64
		{EE41612C-663B-4634-A9BF-23ABE855B625}.Debug|Any CPU.Build.0 = Debug|x64
		{EE41612C-663B-4634-A9BF-23ABE855B625}.Debug|x64.ActiveCfg = Debug|x64
		{EE41612C-663B-4634-A9BF-23ABE855B625}.Debug|x64.Build.0 = Debug|x64
		{EE41612C-663B-4634-A9BF-23ABE855B625}.Debug|x86.ActiveCfg = Debug|Win32
		{EE41612C-663B-4634-A9BF-23ABE855B625}.Debug|x86.Build.0 = Debug|Win32
		{EE41612C-663B-4634-A9BF-23ABE855B625}.Release|Any CPU.ActiveCfg = Release|x64
		{EE41612C-663B-4634-A9BF-23ABE855B625}.Release|Any CPU.Build.0 = Release|x64
		{EE41612C-663B-4634-A9BF-23ABE855B625}.Release|x64.ActiveCfg = Release|x64
		{EE41612C-663B-4634-A9BF-23ABE855B625}.Release|x64.Build.0 = Release|x64
		{EE41612C-663B-4634-A9BF-23ABE855B625}.Release|x86.ActiveCfg = Release|Win32
		{EE41612C-663B-4634-A9BF-23ABE855B625}.Release|x86.Build.0 = Release|Win32
		{E2DB99E5-94B3-4886-A612-A1BF64F74C51}.Debug|Any CPU.ActiveCfg = Debug|x64
		{E2DB99E5-94B3-4886-A612-A1BF64F74C51}.Debug|Any CPU.Build.0 = Debug|x64
		{E2DB99E5-94B3-4886-A612-A1BF64F74C51}.Debug|x64.ActiveCfg = Debug|x64
		{E2DB99E5-94B3-4886-A612-A1BF64F74C51}.Debug|x64.Build.0 = Debug|x64
		{E2DB99E5-94B3-4886-A612-A1BF64F74C51}.Debug|x86.ActiveCfg = Debug|Win32
		{E2DB99E5-94B3-4886-A612-A1BF64F74C51}.Debug|x86.Build.0 = Debug|Win32
		{E2DB99E5-94B3-4886-A612-A1BF64F74C51}.Release|Any CPU.ActiveCfg = Release|x64
		{E2DB99E5-94B3-4886-A612-A1BF64F74C51}.Release|Any CPU.Build.0 = Release|x64
		{E2DB99E5-94B3-4886-A612-A1BF64F74C51}.Release|x64.ActiveCfg = Release|x64
		{E2DB99E5-94B3-4886-A612-A1BF64F74C51}.Release|x64.Build.0 = Release|x64
		{E2DB99E5-94B3-4886-A612-A1BF64F74C51}.Release|x86.ActiveCfg = Release|Win32
		{E2DB99E5-94B3-4886-A612-A1BF64F74C51}.Release|x86.Build.0 = Release|Win32
		{497BF610-E7A5-4B6B-BDDF-86F926C0CD7F}.Debug|Any CPU.ActiveCfg = Debug|x64
		{497BF610-E7A5-4B6B-BDDF-86F926C0CD7F}.Debug|Any CPU.Build.0 = Debug|x64
		{497BF610-E7A5-4B6B-BDDF-86F926C0CD7F}.Debug|x64.ActiveCfg = Debug|x64
		{497BF610-E7A5-4B6B-BDDF-86F926C0CD7F}.Debug|x64.Build.0 = Debug|x64
		{497BF610-E7A5-4B6B-BDDF-86F926C0CD7F}.Debug|x86.ActiveCfg = Debug|Win32
		{497BF610-E7A5-4B6B-BDDF-86F926C0CD7F}.Debug|x86.Build.0 = Debug|Win32
		{497BF610-E7A5-4B6B-BDDF-86F926C0CD7F}.Release|Any CPU.ActiveCfg = Release|x64
		{497BF610-E7A5-4B6B-BDDF-86F926C0CD7F}.Release|Any CPU.Build.0 = Release|x64
		{497BF610-E7A5-4B6B-BDDF-86F926C0CD7F}.Release|x64.ActiveCfg = Release|x64
		{497BF610-E7A5-4B6B-BDDF-86F926C0CD7F}.Release|x64.Build.0 = Release|x64
		{497BF610-E7A5-4B6B-BDDF-86F926C0CD7F}.Release|x86.ActiveCfg = Release|Win32
		{497BF610-E7A5-4B6B-BDDF-86F926C0CD7F}.Release|x86.Build.0 = Release|Win32
		{6AF0FFF1-E76C-4224-947E-0BAFDAFA0B39}.Debug|Any CPU.ActiveCfg = Debug|x64
		{6AF0FFF1-E76C-4224-947E-0BAFDAFA0B39}.Debug|Any CPU.Build.0 = Debug|x64
		{6AF0FFF1-E76C-4224-947E-0BAFDAFA0B39}.Debug|x64.ActiveCfg = Debug|x64
		{6AF0FFF1-E76C-4224-947E-0BAFDAFA0B39}.Debug|x64.Build.0 = Debug|x64
		{6AF0FFF1-E76C-4224-947E-0BAFDAFA0B39}.Debug|x86.ActiveCfg = Debug|Win32
		{6AF0FFF1-E76C-4224-947E-0BAFDAFA0B39}.Debug|x86.Build.0 = Debug|Win32
		{6AF0FFF1-E76C-4224-947E-0BAFDAFA0B39}.Release|Any CPU.ActiveCfg = Release|x64
		{6AF0FFF1-E76C-4224-947E-0BAFDAFA0B39}.Release|Any CPU.Build.0 = Release|x64
		{6AF0FFF1-E76C-4224-947E-0BAFDAFA0B39}.Release|x64.ActiveCfg = Release|x64
		{6AF0FFF1-E76C-4224-947E-0BAFDAFA0B39}.Release|x64.Build.0 = Release|x64
		{6AF0FFF1-E76C-4224-947E-0BAFDAFA0B39}.Release|x86.ActiveCfg = Release|Win32
		{6AF0FFF1-E76C-4224-947E-0BAFDAFA0B39}.Release|x86.Build.0 = Release|Win32
		{FC0D3931-8D70-4F92-86A2-3428F17F02F1}.Debug|Any CPU.ActiveCfg = Debug|x64
		{FC0D3931-8D70-4F92-86A2-3428F17F02F1}.Debug|Any CPU.Build.0 = Debug|x64
		{FC0D3931-8D70-4F92-86A2-3428F17F02F1}.Debug|x64.ActiveCfg = Debug|x64
		{FC0D3931-8D70-4F92-86A2-3428F17F02F1}.Debug|x64.Build.0 = Debug|x64
		{FC0D3931-8D70-4F92-86A2-3428F17F02F1}.Debug|x86.ActiveCfg = Debug|Win32
		{FC0D3931-8D70-4F92-86A2-3428F17F02F1}.Debug|x86.Build.0 = Debug|Win32
		{FC0D3931-8D70-4F92-86A2-3428F17F02F1}.Release|Any CPU.ActiveCfg = Release|x64
		{FC0D3931-8D70-4F92-86A2-3428F17F02F1}.Release|Any CPU.Build.0 = Release|x64
		{FC0D3931-8D70-4F92-86A2-3428F17F02F1}.Release|x64.ActiveCfg = Release|x64
		{FC0D3931-8D70-4F92-86A2-3428F17F02F1}.Release|x64.Build.0 = Release|x64
		{FC0D3931-8D70-4F92-86A2-3428F17F02F1}.Release|x86.ActiveCfg = Release|Win32
		{FC0D3931-8D70-4F92-86A2-3428F17F02F1}.Release|x86.Build.0 = Release|Win32
	EndGlobalSection
	GlobalSection(SolutionProperties) = preSolution
		HideSolutionNode = FALSE
	EndGlobalSection
	GlobalSection(NestedProjects) = preSolution
		{F0FE5B10-458A-4FB5-8440-F8F9EFBD95BD} = {80767D7F-030F-4770-B73B-3CAAB63818C4}
		{12BD1C11-9BC6-48ED-810C-1CB87CAA79AA} = {80767D7F-030F-4770-B73B-3CAAB63818C4}
		{7A832EAA-5969-4749-BF96-2AA4C40D1183} = {80767D7F-030F-4770-B73B-3CAAB63818C4}
		{7799E50C-81DA-4B72-87F6-FE56E3998ABE} = {80767D7F-030F-4770-B73B-3CAAB63818C4}
		{2AFD92E8-1410-4C6D-9E33-1B80DAD8CBE8} = {80767D7F-030F-4770-B73B-3CAAB63818C4}
		{93A21197-D776-4323-A095-65849134C842} = {80767D7F-030F-4770-B73B-3CAAB63818C4}
		{50B568D7-3CDA-4586-8BC8-8F4047C726E5} = {80767D7F-030F-4770-B73B-3CAAB63818C4}
		{B039D6F1-D826-4C78-87A6-225CB91CBC4B} = {80767D7F-030F-4770-B73B-3CAAB63818C4}
		{501BA458-D1C3-4F47-8D00-7F5BBAEA3A28} = {80767D7F-030F-4770-B73B-3CAAB63818C4}
		{1D459C1A-CE23-456C-BC05-BCB698DF38DB} = {80767D7F-030F-4770-B73B-3CAAB63818C4}
		{00D1AD9C-F443-4FF1-B2BF-ACB805F39F7F} = {80767D7F-030F-4770-B73B-3CAAB63818C4}
		{6CF52967-B154-4592-9370-BFEFD78CBDF8} = {80767D7F-030F-4770-B73B-3CAAB63818C4}
		{33DDE983-B924-4BB1-8C54-82D57FE06BF9} = {80767D7F-030F-4770-B73B-3CAAB63818C4}
		{A77FAD47-AB42-4CA9-83BE-46064BD94CD2} = {80767D7F-030F-4770-B73B-3CAAB63818C4}
		{538504F6-5F8E-4DE7-B5C8-DEBD8E285FB1} = {A77FAD47-AB42-4CA9-83BE-46064BD94CD2}
		{281F79AF-B0E7-4A2A-BEA2-E167CAB1300D} = {80767D7F-030F-4770-B73B-3CAAB63818C4}
		{9256A08B-3FE0-4746-B6EE-050183C4EAFE} = {281F79AF-B0E7-4A2A-BEA2-E167CAB1300D}
		{2357FF3B-8147-4B9A-9E33-A4C0E2CDEBDA} = {281F79AF-B0E7-4A2A-BEA2-E167CAB1300D}
		{420C34E6-89FA-43E0-B3C2-8D0C9105D7F2} = {80767D7F-030F-4770-B73B-3CAAB63818C4}
		{BC6188B5-A382-4DDB-B0C9-4854905D7C7F} = {80767D7F-030F-4770-B73B-3CAAB63818C4}
		{59B82577-FE4E-4EFF-B54F-6F202D84A8C0} = {80767D7F-030F-4770-B73B-3CAAB63818C4}
		{F24791AA-7E1B-4BF8-A924-21889FD3A61B} = {80767D7F-030F-4770-B73B-3CAAB63818C4}
		{59AD52EA-9C04-4F3E-9128-1AF62E82EAD9} = {80767D7F-030F-4770-B73B-3CAAB63818C4}
		{6620CFC8-3037-427A-96DB-FC220D2DC1E9} = {80767D7F-030F-4770-B73B-3CAAB63818C4}
		{1192E99A-56C6-47E9-AD23-2A575CB21C7C} = {80767D7F-030F-4770-B73B-3CAAB63818C4}
		{110C5CB7-D375-4C12-9852-C2786DE1DBCA} = {80767D7F-030F-4770-B73B-3CAAB63818C4}
		{67ED8F5F-62BC-4FA3-B6D1-00B5A29C9DA3} = {80767D7F-030F-4770-B73B-3CAAB63818C4}
		{FE4387B7-31CA-4BA5-B06A-1E3EA96DB3DF} = {993B7F5E-0994-4CEF-A9E7-D1A18B81FDC2}
		{1F6CCF61-8177-4E19-B5E4-1B1BF5EEDD86} = {993B7F5E-0994-4CEF-A9E7-D1A18B81FDC2}
		{D2582DB2-6111-47EC-A6C5-1DEF3F35E19A} = {993B7F5E-0994-4CEF-A9E7-D1A18B81FDC2}
		{928E5184-E97B-4893-9D1D-AD889D1A8E03} = {993B7F5E-0994-4CEF-A9E7-D1A18B81FDC2}
		{9E456A45-3315-40B6-8CB2-DE676FC41367} = {993B7F5E-0994-4CEF-A9E7-D1A18B81FDC2}
		{C8FDB2B8-8A25-4D24-B419-6608EAE8D34A} = {993B7F5E-0994-4CEF-A9E7-D1A18B81FDC2}
		{5072C827-74DD-47D2-8881-B4DC736F2064} = {993B7F5E-0994-4CEF-A9E7-D1A18B81FDC2}
		{8542304C-3B7C-4AE6-841C-7C8FF24FC4CA} = {993B7F5E-0994-4CEF-A9E7-D1A18B81FDC2}
		{5981A0F7-D86D-4EF4-83C0-CD4493ECECFE} = {993B7F5E-0994-4CEF-A9E7-D1A18B81FDC2}
		{59FCEDE2-D849-4177-943F-76A36C7F0518} = {993B7F5E-0994-4CEF-A9E7-D1A18B81FDC2}
		{EF8D8217-F296-4A06-A1A3-9B9BC46A8027} = {993B7F5E-0994-4CEF-A9E7-D1A18B81FDC2}
		{485D2C53-42F0-4CE1-81C8-C2F1715F12E4} = {EF8D8217-F296-4A06-A1A3-9B9BC46A8027}
		{5CADA47F-F11A-4118-8FD7-B8FB5A9379AB} = {EF8D8217-F296-4A06-A1A3-9B9BC46A8027}
		{A85AEA45-8265-4427-8C70-A3A04554F6B5} = {993B7F5E-0994-4CEF-A9E7-D1A18B81FDC2}
		{027209FC-6CA7-4E89-B166-EF3F2AF5783F} = {F5CEE88D-CFA6-41CF-BB2B-B94CDFE41A95}
		{8F4A952D-D031-4BF7-8673-A6B691A99FB2} = {993B7F5E-0994-4CEF-A9E7-D1A18B81FDC2}
		{ACE4A0E9-ACD9-4FEC-8F1E-E289FD429201} = {F5CEE88D-CFA6-41CF-BB2B-B94CDFE41A95}
		{936873FC-184B-4C39-941D-7EE98F4859CB} = {993B7F5E-0994-4CEF-A9E7-D1A18B81FDC2}
		{95B37E2F-6894-4A1A-AA31-449F23B85CF8} = {993B7F5E-0994-4CEF-A9E7-D1A18B81FDC2}
		{BC89FED0-AC64-421C-A19A-C2F8E7EFAF56} = {80767D7F-030F-4770-B73B-3CAAB63818C4}
		{F7BEB9B0-EC1D-4846-8A29-D3938177108E} = {993B7F5E-0994-4CEF-A9E7-D1A18B81FDC2}
		{664BC9DD-0603-4AF6-87B8-ED1025E97A11} = {80767D7F-030F-4770-B73B-3CAAB63818C4}
		{65DD3952-3835-42D3-A6DE-91D811E64F57} = {BC89FED0-AC64-421C-A19A-C2F8E7EFAF56}
		{3A5B1FC9-2ED3-49C2-9EC0-9CA3A870F2D2} = {BC89FED0-AC64-421C-A19A-C2F8E7EFAF56}
		{59E7BC8E-7AC5-4393-AE49-4A4AF40ED1A5} = {BC89FED0-AC64-421C-A19A-C2F8E7EFAF56}
		{D6B0330C-55EF-4EE1-B698-2A5177947E9B} = {BC89FED0-AC64-421C-A19A-C2F8E7EFAF56}
		{D58E2742-7EF6-4C79-AFB8-81DF05967DB7} = {993B7F5E-0994-4CEF-A9E7-D1A18B81FDC2}
		{BE9E6A2D-B2A8-4BE9-8DE3-D2F34A4A3840} = {8F4A952D-D031-4BF7-8673-A6B691A99FB2}
		{87E21673-C715-4FBE-9597-A9B67FABB7C1} = {993B7F5E-0994-4CEF-A9E7-D1A18B81FDC2}
		{3C114572-974A-4A27-8B4C-7320BB8DA602} = {8F4A952D-D031-4BF7-8673-A6B691A99FB2}
		{E35CC39B-E56B-434D-A02B-C2189BECAD79} = {8F4A952D-D031-4BF7-8673-A6B691A99FB2}
		{7FACE3E8-E4DB-4704-BFBF-C9B99A99EC34} = {8F4A952D-D031-4BF7-8673-A6B691A99FB2}
		{001282AA-DA7A-4B21-90FD-0842E8C0A086} = {993B7F5E-0994-4CEF-A9E7-D1A18B81FDC2}
		{F5CEE88D-CFA6-41CF-BB2B-B94CDFE41A95} = {8F4A952D-D031-4BF7-8673-A6B691A99FB2}
		{DC6187CB-D5DF-4973-84A2-F92AAE90CDA9} = {993B7F5E-0994-4CEF-A9E7-D1A18B81FDC2}
		{8FAB989B-016E-46AF-9E99-11DA56299DC0} = {993B7F5E-0994-4CEF-A9E7-D1A18B81FDC2}
		{B73881D0-03AC-42CC-8942-739492F7D75A} = {993B7F5E-0994-4CEF-A9E7-D1A18B81FDC2}
		{7E090D8B-AB18-4D61-A5F4-9905FE81E5FE} = {993B7F5E-0994-4CEF-A9E7-D1A18B81FDC2}
		{F5EBF8FA-891D-42CF-A302-8D1726B78B74} = {7E090D8B-AB18-4D61-A5F4-9905FE81E5FE}
		{DDF10DE7-45B3-44B9-BCAB-ADEE268A539E} = {7E090D8B-AB18-4D61-A5F4-9905FE81E5FE}
		{8CD499D4-6131-4448-A644-A7D046CBD4C0} = {993B7F5E-0994-4CEF-A9E7-D1A18B81FDC2}
		{A2895A55-0D53-4C1D-AB2A-7F300EFA8637} = {993B7F5E-0994-4CEF-A9E7-D1A18B81FDC2}
		{EE41612C-663B-4634-A9BF-23ABE855B625} = {993B7F5E-0994-4CEF-A9E7-D1A18B81FDC2}
		{E2DB99E5-94B3-4886-A612-A1BF64F74C51} = {993B7F5E-0994-4CEF-A9E7-D1A18B81FDC2}
		{497BF610-E7A5-4B6B-BDDF-86F926C0CD7F} = {993B7F5E-0994-4CEF-A9E7-D1A18B81FDC2}
		{6AF0FFF1-E76C-4224-947E-0BAFDAFA0B39} = {993B7F5E-0994-4CEF-A9E7-D1A18B81FDC2}
		{FC0D3931-8D70-4F92-86A2-3428F17F02F1} = {993B7F5E-0994-4CEF-A9E7-D1A18B81FDC2}
	EndGlobalSection
	GlobalSection(ExtensibilityGlobals) = postSolution
		SolutionGuid = {BA09902E-DF58-44DA-B210-E45519D51646}
	EndGlobalSection
EndGlobal
